<?xml version="1.0" encoding="UTF-8"?>
<!DOCTYPE plist PUBLIC "-//Apple//DTD PLIST 1.0//EN" "http://www.apple.com/DTDs/PropertyList-1.0.dtd">
<plist version="1.0">
<dict>
	<key>archiveVersion</key>
	<string>1</string>
	<key>classes</key>
	<dict/>
	<key>objectVersion</key>
	<string>46</string>
	<key>objects</key>
	<dict>
		<key>08046B57174994C600F3324D</key>
		<dict>
			<key>fileEncoding</key>
			<string>4</string>
			<key>isa</key>
			<string>PBXFileReference</string>
			<key>lastKnownFileType</key>
			<string>sourcecode.c.h</string>
			<key>path</key>
			<string>UIView+Position.h</string>
			<key>sourceTree</key>
			<string>&lt;group&gt;</string>
		</dict>
		<key>08046B58174994C600F3324D</key>
		<dict>
			<key>fileEncoding</key>
			<string>4</string>
			<key>isa</key>
			<string>PBXFileReference</string>
			<key>lastKnownFileType</key>
			<string>sourcecode.c.objc</string>
			<key>path</key>
			<string>UIView+Position.m</string>
			<key>sourceTree</key>
			<string>&lt;group&gt;</string>
		</dict>
		<key>08046B59174994C600F3324D</key>
		<dict>
			<key>fileRef</key>
			<string>08046B58174994C600F3324D</string>
			<key>isa</key>
			<string>PBXBuildFile</string>
		</dict>
		<key>081F9ADE174C3056000A00A2</key>
		<dict>
			<key>isa</key>
			<string>PBXFileReference</string>
			<key>lastKnownFileType</key>
			<string>image.png</string>
			<key>path</key>
			<string>icon@2x.png</string>
			<key>sourceTree</key>
			<string>&lt;group&gt;</string>
		</dict>
		<key>081F9ADF174C3056000A00A2</key>
		<dict>
			<key>fileRef</key>
			<string>081F9ADE174C3056000A00A2</string>
			<key>isa</key>
			<string>PBXBuildFile</string>
		</dict>
		<key>081F9AE0174C3494000A00A2</key>
		<dict>
			<key>isa</key>
			<string>PBXFileReference</string>
			<key>lastKnownFileType</key>
			<string>image.png</string>
			<key>path</key>
			<string>icon.png</string>
			<key>sourceTree</key>
			<string>&lt;group&gt;</string>
		</dict>
		<key>081F9AE1174C3494000A00A2</key>
		<dict>
			<key>fileRef</key>
			<string>081F9AE0174C3494000A00A2</string>
			<key>isa</key>
			<string>PBXBuildFile</string>
		</dict>
		<key>081F9AE2174C384E000A00A2</key>
		<dict>
			<key>isa</key>
			<string>PBXFileReference</string>
			<key>lastKnownFileType</key>
			<string>wrapper.framework</string>
			<key>name</key>
			<string>QuartzCore.framework</string>
			<key>path</key>
			<string>System/Library/Frameworks/QuartzCore.framework</string>
			<key>sourceTree</key>
			<string>SDKROOT</string>
		</dict>
		<key>081F9AE3174C384E000A00A2</key>
		<dict>
			<key>fileRef</key>
			<string>081F9AE2174C384E000A00A2</string>
			<key>isa</key>
			<string>PBXBuildFile</string>
		</dict>
		<key>081F9AE4174C3F11000A00A2</key>
		<dict>
			<key>fileEncoding</key>
			<string>4</string>
			<key>isa</key>
			<string>PBXFileReference</string>
			<key>lastKnownFileType</key>
			<string>sourcecode.c.h</string>
			<key>path</key>
			<string>UIViewUtil.h</string>
			<key>sourceTree</key>
			<string>&lt;group&gt;</string>
		</dict>
		<key>081F9AE5174C3F11000A00A2</key>
		<dict>
			<key>fileEncoding</key>
			<string>4</string>
			<key>isa</key>
			<string>PBXFileReference</string>
			<key>lastKnownFileType</key>
			<string>sourcecode.c.objc</string>
			<key>path</key>
			<string>UIViewUtil.m</string>
			<key>sourceTree</key>
			<string>&lt;group&gt;</string>
		</dict>
		<key>081F9AE6174C3F11000A00A2</key>
		<dict>
			<key>fileRef</key>
			<string>081F9AE5174C3F11000A00A2</string>
			<key>isa</key>
			<string>PBXBuildFile</string>
		</dict>
		<key>08A89C18176EF1F000A80266</key>
		<dict>
			<key>fileEncoding</key>
			<string>4</string>
			<key>isa</key>
			<string>PBXFileReference</string>
			<key>lastKnownFileType</key>
			<string>sourcecode.c.h</string>
			<key>path</key>
			<string>SoundMgr.h</string>
			<key>sourceTree</key>
			<string>&lt;group&gt;</string>
		</dict>
		<key>08A89C19176EF1F000A80266</key>
		<dict>
			<key>fileEncoding</key>
			<string>4</string>
			<key>isa</key>
			<string>PBXFileReference</string>
			<key>lastKnownFileType</key>
			<string>sourcecode.c.objc</string>
			<key>path</key>
			<string>SoundMgr.m</string>
			<key>sourceTree</key>
			<string>&lt;group&gt;</string>
		</dict>
		<key>08A89C1A176EF1F000A80266</key>
		<dict>
			<key>fileRef</key>
			<string>08A89C19176EF1F000A80266</string>
			<key>isa</key>
			<string>PBXBuildFile</string>
		</dict>
		<key>08A89C1B176EF27800A80266</key>
		<dict>
			<key>isa</key>
			<string>PBXFileReference</string>
			<key>lastKnownFileType</key>
			<string>audio.mp3</string>
			<key>path</key>
			<string>whistle.mp3</string>
			<key>sourceTree</key>
			<string>&lt;group&gt;</string>
		</dict>
		<key>08A89C1C176EF27900A80266</key>
		<dict>
			<key>fileRef</key>
			<string>08A89C1B176EF27800A80266</string>
			<key>isa</key>
			<string>PBXBuildFile</string>
		</dict>
		<key>08A89C1D176EF2B600A80266</key>
		<dict>
			<key>isa</key>
			<string>PBXFileReference</string>
			<key>lastKnownFileType</key>
			<string>wrapper.framework</string>
			<key>name</key>
			<string>AVFoundation.framework</string>
			<key>path</key>
			<string>System/Library/Frameworks/AVFoundation.framework</string>
			<key>sourceTree</key>
			<string>SDKROOT</string>
		</dict>
		<key>08A89C1E176EF2B600A80266</key>
		<dict>
			<key>fileRef</key>
			<string>08A89C1D176EF2B600A80266</string>
			<key>isa</key>
			<string>PBXBuildFile</string>
		</dict>
		<key>08C2009B17477575000D5408</key>
		<dict>
			<key>children</key>
			<array>
				<string>081F9AE0174C3494000A00A2</string>
				<string>081F9ADE174C3056000A00A2</string>
				<string>08C200AD17477575000D5408</string>
				<string>08C200D117477576000D5408</string>
				<string>08C200A617477575000D5408</string>
				<string>08C200A517477575000D5408</string>
				<string>883DD7538D6D4CF6BEE7553A</string>
			</array>
			<key>isa</key>
			<string>PBXGroup</string>
			<key>sourceTree</key>
			<string>&lt;group&gt;</string>
		</dict>
		<key>08C2009C17477575000D5408</key>
		<dict>
			<key>attributes</key>
			<dict>
				<key>LastUpgradeCheck</key>
				<string>0460</string>
				<key>ORGANIZATIONNAME</key>
				<string>as</string>
			</dict>
			<key>buildConfigurationList</key>
			<string>08C2009F17477575000D5408</string>
			<key>compatibilityVersion</key>
			<string>Xcode 3.2</string>
			<key>developmentRegion</key>
			<string>English</string>
			<key>hasScannedForEncodings</key>
			<string>0</string>
			<key>isa</key>
			<string>PBXProject</string>
			<key>knownRegions</key>
			<array>
				<string>en</string>
			</array>
			<key>mainGroup</key>
			<string>08C2009B17477575000D5408</string>
			<key>productRefGroup</key>
			<string>08C200A517477575000D5408</string>
			<key>projectDirPath</key>
			<string></string>
			<key>projectReferences</key>
			<array/>
			<key>projectRoot</key>
			<string></string>
			<key>targets</key>
			<array>
				<string>08C200A317477575000D5408</string>
				<string>08C200C917477576000D5408</string>
			</array>
		</dict>
		<key>08C2009F17477575000D5408</key>
		<dict>
			<key>buildConfigurations</key>
			<array>
				<string>08C200DA17477576000D5408</string>
				<string>08C200DB17477576000D5408</string>
			</array>
			<key>defaultConfigurationIsVisible</key>
			<string>0</string>
			<key>defaultConfigurationName</key>
			<string>Release</string>
			<key>isa</key>
			<string>XCConfigurationList</string>
		</dict>
		<key>08C200A017477575000D5408</key>
		<dict>
			<key>buildActionMask</key>
			<string>2147483647</string>
			<key>files</key>
			<array>
				<string>08CA974E17487FD5003A37EE</string>
				<string>08C200B417477575000D5408</string>
				<string>08C200B817477575000D5408</string>
				<string>08CA975C1748A149003A37EE</string>
				<string>08CA976A1748A8FE003A37EE</string>
				<string>08046B59174994C600F3324D</string>
				<string>08DBD461174B60EF000A297D</string>
				<string>08DBD464174B62B2000A297D</string>
				<string>08DBD46F174B6D83000A297D</string>
				<string>08DBD478174B9781000A297D</string>
				<string>081F9AE6174C3F11000A00A2</string>
				<string>08A89C1A176EF1F000A80266</string>
			</array>
			<key>isa</key>
			<string>PBXSourcesBuildPhase</string>
			<key>runOnlyForDeploymentPostprocessing</key>
			<string>0</string>
		</dict>
		<key>08C200A117477575000D5408</key>
		<dict>
			<key>buildActionMask</key>
			<string>2147483647</string>
			<key>files</key>
			<array>
				<string>08C200AA17477575000D5408</string>
				<string>08A89C1E176EF2B600A80266</string>
				<string>081F9AE3174C384E000A00A2</string>
				<string>08C200A817477575000D5408</string>
				<string>08C200AC17477575000D5408</string>
				<string>6C7956842B9C4FEFAA46901C</string>
			</array>
			<key>isa</key>
			<string>PBXFrameworksBuildPhase</string>
			<key>runOnlyForDeploymentPostprocessing</key>
			<string>0</string>
		</dict>
		<key>08C200A217477575000D5408</key>
		<dict>
			<key>buildActionMask</key>
			<string>2147483647</string>
			<key>files</key>
			<array>
				<string>08C200B217477575000D5408</string>
				<string>08C200BA17477575000D5408</string>
				<string>08C200BC17477575000D5408</string>
				<string>08C200BE17477576000D5408</string>
				<string>08C200E8174872F4000D5408</string>
				<string>08C200E9174872F4000D5408</string>
				<string>08C200EA174872F4000D5408</string>
				<string>08C200EC1748730F000D5408</string>
				<string>08C200F217487689000D5408</string>
				<string>08CA974D17487E0D003A37EE</string>
				<string>08CA975217488721003A37EE</string>
				<string>08CA97671748A88B003A37EE</string>
				<string>08DBD46C174B6D4C000A297D</string>
				<string>08DBD475174B95D6000A297D</string>
				<string>08DBD482174B9E8A000A297D</string>
				<string>08DBD483174B9E8A000A297D</string>
				<string>08DBD484174B9E8A000A297D</string>
				<string>08DBD485174B9E8A000A297D</string>
				<string>08DBD486174B9E8A000A297D</string>
				<string>08DBD487174B9E8A000A297D</string>
				<string>08DBD488174B9E8A000A297D</string>
				<string>08DBD489174B9E8A000A297D</string>
				<string>08DBD48A174B9E8A000A297D</string>
				<string>08DBD48F174B9EB9000A297D</string>
				<string>08DBD490174B9EB9000A297D</string>
				<string>08DBD491174B9EB9000A297D</string>
				<string>08DBD492174B9EB9000A297D</string>
				<string>081F9ADF174C3056000A00A2</string>
				<string>081F9AE1174C3494000A00A2</string>
				<string>08A89C1C176EF27900A80266</string>
			</array>
			<key>isa</key>
			<string>PBXResourcesBuildPhase</string>
			<key>runOnlyForDeploymentPostprocessing</key>
			<string>0</string>
		</dict>
		<key>08C200A317477575000D5408</key>
		<dict>
			<key>buildConfigurationList</key>
			<string>08C200DC17477576000D5408</string>
			<key>buildPhases</key>
			<array>
				<string>4E1C6F641B054C4887D71BA7</string>
				<string>08C200A017477575000D5408</string>
				<string>08C200A117477575000D5408</string>
				<string>08C200A217477575000D5408</string>
				<string>2383E2210F6B4971956A4D02</string>
			</array>
			<key>buildRules</key>
			<array/>
			<key>dependencies</key>
			<array/>
			<key>isa</key>
			<string>PBXNativeTarget</string>
			<key>name</key>
			<string>sevenmin-app</string>
			<key>productName</key>
			<string>sevenmin-app</string>
			<key>productReference</key>
			<string>08C200A417477575000D5408</string>
			<key>productType</key>
			<string>com.apple.product-type.application</string>
		</dict>
		<key>08C200A417477575000D5408</key>
		<dict>
			<key>explicitFileType</key>
			<string>wrapper.application</string>
			<key>includeInIndex</key>
			<string>0</string>
			<key>isa</key>
			<string>PBXFileReference</string>
			<key>path</key>
			<string>SevenMinute.app</string>
			<key>sourceTree</key>
			<string>BUILT_PRODUCTS_DIR</string>
		</dict>
		<key>08C200A517477575000D5408</key>
		<dict>
			<key>children</key>
			<array>
				<string>08C200A417477575000D5408</string>
				<string>08C200CA17477576000D5408</string>
			</array>
			<key>isa</key>
			<string>PBXGroup</string>
			<key>name</key>
			<string>Products</string>
			<key>sourceTree</key>
			<string>&lt;group&gt;</string>
		</dict>
		<key>08C200A617477575000D5408</key>
		<dict>
			<key>children</key>
			<array>
				<string>08A89C1D176EF2B600A80266</string>
				<string>081F9AE2174C384E000A00A2</string>
				<string>08C200A717477575000D5408</string>
				<string>08C200A917477575000D5408</string>
				<string>08C200AB17477575000D5408</string>
				<string>08C200CB17477576000D5408</string>
				<string>F24D9D953C4C4EAEB2B682A6</string>
			</array>
			<key>isa</key>
			<string>PBXGroup</string>
			<key>name</key>
			<string>Frameworks</string>
			<key>sourceTree</key>
			<string>&lt;group&gt;</string>
		</dict>
		<key>08C200A717477575000D5408</key>
		<dict>
			<key>isa</key>
			<string>PBXFileReference</string>
			<key>lastKnownFileType</key>
			<string>wrapper.framework</string>
			<key>name</key>
			<string>UIKit.framework</string>
			<key>path</key>
			<string>System/Library/Frameworks/UIKit.framework</string>
			<key>sourceTree</key>
			<string>SDKROOT</string>
		</dict>
		<key>08C200A817477575000D5408</key>
		<dict>
			<key>fileRef</key>
			<string>08C200A717477575000D5408</string>
			<key>isa</key>
			<string>PBXBuildFile</string>
		</dict>
		<key>08C200A917477575000D5408</key>
		<dict>
			<key>isa</key>
			<string>PBXFileReference</string>
			<key>lastKnownFileType</key>
			<string>wrapper.framework</string>
			<key>name</key>
			<string>Foundation.framework</string>
			<key>path</key>
			<string>System/Library/Frameworks/Foundation.framework</string>
			<key>sourceTree</key>
			<string>SDKROOT</string>
		</dict>
		<key>08C200AA17477575000D5408</key>
		<dict>
			<key>fileRef</key>
			<string>08C200A917477575000D5408</string>
			<key>isa</key>
			<string>PBXBuildFile</string>
		</dict>
		<key>08C200AB17477575000D5408</key>
		<dict>
			<key>isa</key>
			<string>PBXFileReference</string>
			<key>lastKnownFileType</key>
			<string>wrapper.framework</string>
			<key>name</key>
			<string>CoreGraphics.framework</string>
			<key>path</key>
			<string>System/Library/Frameworks/CoreGraphics.framework</string>
			<key>sourceTree</key>
			<string>SDKROOT</string>
		</dict>
		<key>08C200AC17477575000D5408</key>
		<dict>
			<key>fileRef</key>
			<string>08C200AB17477575000D5408</string>
			<key>isa</key>
			<string>PBXBuildFile</string>
		</dict>
		<key>08C200AD17477575000D5408</key>
		<dict>
			<key>children</key>
			<array>
				<string>08C200E4174872EB000D5408</string>
				<string>08C200AE17477575000D5408</string>
				<string>08C200B617477575000D5408</string>
				<string>08C200B717477575000D5408</string>
				<string>08DBD465174B68AE000A297D</string>
				<string>08CA974917487E0D003A37EE</string>
				<string>08CA974A17487E0D003A37EE</string>
				<string>08CA974B17487E0D003A37EE</string>
				<string>08CA975A1748A149003A37EE</string>
				<string>08CA975B1748A149003A37EE</string>
				<string>08CA97681748A8FE003A37EE</string>
				<string>08CA97691748A8FE003A37EE</string>
				<string>08CA97661748A88B003A37EE</string>
				<string>08DBD45F174B60EF000A297D</string>
				<string>08DBD460174B60EF000A297D</string>
				<string>08DBD462174B62B1000A297D</string>
				<string>08DBD463174B62B1000A297D</string>
				<string>08DBD46B174B6D4C000A297D</string>
				<string>08DBD46D174B6D82000A297D</string>
				<string>08DBD46E174B6D83000A297D</string>
				<string>08DBD474174B95D5000A297D</string>
				<string>08DBD476174B9780000A297D</string>
				<string>08DBD477174B9780000A297D</string>
				<string>081F9AE4174C3F11000A00A2</string>
				<string>081F9AE5174C3F11000A00A2</string>
				<string>08A89C18176EF1F000A80266</string>
				<string>08A89C19176EF1F000A80266</string>
			</array>
			<key>isa</key>
			<string>PBXGroup</string>
			<key>path</key>
			<string>sevenmin-app</string>
			<key>sourceTree</key>
			<string>&lt;group&gt;</string>
		</dict>
		<key>08C200AE17477575000D5408</key>
		<dict>
			<key>children</key>
			<array>
				<string>08C200AF17477575000D5408</string>
				<string>08C200B017477575000D5408</string>
				<string>08C200B317477575000D5408</string>
				<string>08C200B517477575000D5408</string>
				<string>08C200B917477575000D5408</string>
				<string>08C200BB17477575000D5408</string>
				<string>08C200BD17477576000D5408</string>
			</array>
			<key>isa</key>
			<string>PBXGroup</string>
			<key>name</key>
			<string>Supporting Files</string>
			<key>sourceTree</key>
			<string>&lt;group&gt;</string>
		</dict>
		<key>08C200AF17477575000D5408</key>
		<dict>
			<key>isa</key>
			<string>PBXFileReference</string>
			<key>lastKnownFileType</key>
			<string>text.plist.xml</string>
			<key>path</key>
			<string>sevenmin-app-Info.plist</string>
			<key>sourceTree</key>
			<string>&lt;group&gt;</string>
		</dict>
		<key>08C200B017477575000D5408</key>
		<dict>
			<key>children</key>
			<array>
				<string>08C200B117477575000D5408</string>
			</array>
			<key>isa</key>
			<string>PBXVariantGroup</string>
			<key>name</key>
			<string>InfoPlist.strings</string>
			<key>sourceTree</key>
			<string>&lt;group&gt;</string>
		</dict>
		<key>08C200B117477575000D5408</key>
		<dict>
			<key>isa</key>
			<string>PBXFileReference</string>
			<key>lastKnownFileType</key>
			<string>text.plist.strings</string>
			<key>name</key>
			<string>en</string>
			<key>path</key>
			<string>en.lproj/InfoPlist.strings</string>
			<key>sourceTree</key>
			<string>&lt;group&gt;</string>
		</dict>
		<key>08C200B217477575000D5408</key>
		<dict>
			<key>fileRef</key>
			<string>08C200B017477575000D5408</string>
			<key>isa</key>
			<string>PBXBuildFile</string>
		</dict>
		<key>08C200B317477575000D5408</key>
		<dict>
			<key>isa</key>
			<string>PBXFileReference</string>
			<key>lastKnownFileType</key>
			<string>sourcecode.c.objc</string>
			<key>path</key>
			<string>main.m</string>
			<key>sourceTree</key>
			<string>&lt;group&gt;</string>
		</dict>
		<key>08C200B417477575000D5408</key>
		<dict>
			<key>fileRef</key>
			<string>08C200B317477575000D5408</string>
			<key>isa</key>
			<string>PBXBuildFile</string>
		</dict>
		<key>08C200B517477575000D5408</key>
		<dict>
			<key>isa</key>
			<string>PBXFileReference</string>
			<key>lastKnownFileType</key>
			<string>sourcecode.c.h</string>
			<key>path</key>
			<string>sevenmin-app-Prefix.pch</string>
			<key>sourceTree</key>
			<string>&lt;group&gt;</string>
		</dict>
		<key>08C200B617477575000D5408</key>
		<dict>
			<key>isa</key>
			<string>PBXFileReference</string>
			<key>lastKnownFileType</key>
			<string>sourcecode.c.h</string>
			<key>path</key>
			<string>AppDelegate.h</string>
			<key>sourceTree</key>
			<string>&lt;group&gt;</string>
		</dict>
		<key>08C200B717477575000D5408</key>
		<dict>
			<key>isa</key>
			<string>PBXFileReference</string>
			<key>lastKnownFileType</key>
			<string>sourcecode.c.objc</string>
			<key>path</key>
			<string>AppDelegate.m</string>
			<key>sourceTree</key>
			<string>&lt;group&gt;</string>
		</dict>
		<key>08C200B817477575000D5408</key>
		<dict>
			<key>fileRef</key>
			<string>08C200B717477575000D5408</string>
			<key>isa</key>
			<string>PBXBuildFile</string>
		</dict>
		<key>08C200B917477575000D5408</key>
		<dict>
			<key>isa</key>
			<string>PBXFileReference</string>
			<key>lastKnownFileType</key>
			<string>image.png</string>
			<key>path</key>
			<string>Default.png</string>
			<key>sourceTree</key>
			<string>&lt;group&gt;</string>
		</dict>
		<key>08C200BA17477575000D5408</key>
		<dict>
			<key>fileRef</key>
			<string>08C200B917477575000D5408</string>
			<key>isa</key>
			<string>PBXBuildFile</string>
		</dict>
		<key>08C200BB17477575000D5408</key>
		<dict>
			<key>isa</key>
			<string>PBXFileReference</string>
			<key>lastKnownFileType</key>
			<string>image.png</string>
			<key>path</key>
			<string>Default@2x.png</string>
			<key>sourceTree</key>
			<string>&lt;group&gt;</string>
		</dict>
		<key>08C200BC17477575000D5408</key>
		<dict>
			<key>fileRef</key>
			<string>08C200BB17477575000D5408</string>
			<key>isa</key>
			<string>PBXBuildFile</string>
		</dict>
		<key>08C200BD17477576000D5408</key>
		<dict>
			<key>isa</key>
			<string>PBXFileReference</string>
			<key>lastKnownFileType</key>
			<string>image.png</string>
			<key>path</key>
			<string>Default-568h@2x.png</string>
			<key>sourceTree</key>
			<string>&lt;group&gt;</string>
		</dict>
		<key>08C200BE17477576000D5408</key>
		<dict>
			<key>fileRef</key>
			<string>08C200BD17477576000D5408</string>
			<key>isa</key>
			<string>PBXBuildFile</string>
		</dict>
		<key>08C200C517477576000D5408</key>
		<dict>
			<key>buildActionMask</key>
			<string>2147483647</string>
			<key>files</key>
			<array>
				<string>08C200D917477576000D5408</string>
			</array>
			<key>isa</key>
			<string>PBXSourcesBuildPhase</string>
			<key>runOnlyForDeploymentPostprocessing</key>
			<string>0</string>
		</dict>
		<key>08C200C617477576000D5408</key>
		<dict>
			<key>buildActionMask</key>
			<string>2147483647</string>
			<key>files</key>
			<array>
				<string>08C200CC17477576000D5408</string>
				<string>08C200CD17477576000D5408</string>
				<string>08C200CE17477576000D5408</string>
			</array>
			<key>isa</key>
			<string>PBXFrameworksBuildPhase</string>
			<key>runOnlyForDeploymentPostprocessing</key>
			<string>0</string>
		</dict>
		<key>08C200C717477576000D5408</key>
		<dict>
			<key>buildActionMask</key>
			<string>2147483647</string>
			<key>files</key>
			<array>
				<string>08C200D617477576000D5408</string>
			</array>
			<key>isa</key>
			<string>PBXResourcesBuildPhase</string>
			<key>runOnlyForDeploymentPostprocessing</key>
			<string>0</string>
		</dict>
		<key>08C200C817477576000D5408</key>
		<dict>
			<key>buildActionMask</key>
			<string>2147483647</string>
			<key>files</key>
			<array/>
			<key>inputPaths</key>
			<array/>
			<key>isa</key>
			<string>PBXShellScriptBuildPhase</string>
			<key>outputPaths</key>
			<array/>
			<key>runOnlyForDeploymentPostprocessing</key>
			<string>0</string>
			<key>shellPath</key>
			<string>/bin/sh</string>
			<key>shellScript</key>
			<string># Run the unit tests in this test bundle.
"${SYSTEM_DEVELOPER_DIR}/Tools/RunUnitTests"
</string>
		</dict>
		<key>08C200C917477576000D5408</key>
		<dict>
			<key>buildConfigurationList</key>
			<string>08C200DF17477576000D5408</string>
			<key>buildPhases</key>
			<array>
				<string>08C200C517477576000D5408</string>
				<string>08C200C617477576000D5408</string>
				<string>08C200C717477576000D5408</string>
				<string>08C200C817477576000D5408</string>
			</array>
			<key>buildRules</key>
			<array/>
			<key>dependencies</key>
			<array>
				<string>08C200D017477576000D5408</string>
			</array>
			<key>isa</key>
			<string>PBXNativeTarget</string>
			<key>name</key>
			<string>sevenmin-appTests</string>
			<key>productName</key>
			<string>sevenmin-appTests</string>
			<key>productReference</key>
			<string>08C200CA17477576000D5408</string>
			<key>productType</key>
			<string>com.apple.product-type.bundle</string>
		</dict>
		<key>08C200CA17477576000D5408</key>
		<dict>
			<key>explicitFileType</key>
			<string>wrapper.cfbundle</string>
			<key>includeInIndex</key>
			<string>0</string>
			<key>isa</key>
			<string>PBXFileReference</string>
			<key>path</key>
			<string>sevenmin-appTests.octest</string>
			<key>sourceTree</key>
			<string>BUILT_PRODUCTS_DIR</string>
		</dict>
		<key>08C200CB17477576000D5408</key>
		<dict>
			<key>isa</key>
			<string>PBXFileReference</string>
			<key>lastKnownFileType</key>
			<string>wrapper.framework</string>
			<key>name</key>
			<string>SenTestingKit.framework</string>
			<key>path</key>
			<string>Library/Frameworks/SenTestingKit.framework</string>
			<key>sourceTree</key>
			<string>DEVELOPER_DIR</string>
		</dict>
		<key>08C200CC17477576000D5408</key>
		<dict>
			<key>fileRef</key>
			<string>08C200CB17477576000D5408</string>
			<key>isa</key>
			<string>PBXBuildFile</string>
		</dict>
		<key>08C200CD17477576000D5408</key>
		<dict>
			<key>fileRef</key>
			<string>08C200A717477575000D5408</string>
			<key>isa</key>
			<string>PBXBuildFile</string>
		</dict>
		<key>08C200CE17477576000D5408</key>
		<dict>
			<key>fileRef</key>
			<string>08C200A917477575000D5408</string>
			<key>isa</key>
			<string>PBXBuildFile</string>
		</dict>
		<key>08C200CF17477576000D5408</key>
		<dict>
			<key>containerPortal</key>
			<string>08C2009C17477575000D5408</string>
			<key>isa</key>
			<string>PBXContainerItemProxy</string>
			<key>proxyType</key>
			<string>1</string>
			<key>remoteGlobalIDString</key>
			<string>08C200A317477575000D5408</string>
			<key>remoteInfo</key>
			<string>sevenmin-app</string>
		</dict>
		<key>08C200D017477576000D5408</key>
		<dict>
			<key>isa</key>
			<string>PBXTargetDependency</string>
			<key>target</key>
			<string>08C200A317477575000D5408</string>
			<key>targetProxy</key>
			<string>08C200CF17477576000D5408</string>
		</dict>
		<key>08C200D117477576000D5408</key>
		<dict>
			<key>children</key>
			<array>
				<string>08C200D717477576000D5408</string>
				<string>08C200D817477576000D5408</string>
				<string>08C200D217477576000D5408</string>
			</array>
			<key>isa</key>
			<string>PBXGroup</string>
			<key>path</key>
			<string>sevenmin-appTests</string>
			<key>sourceTree</key>
			<string>&lt;group&gt;</string>
		</dict>
		<key>08C200D217477576000D5408</key>
		<dict>
			<key>children</key>
			<array>
				<string>08C200D317477576000D5408</string>
				<string>08C200D417477576000D5408</string>
			</array>
			<key>isa</key>
			<string>PBXGroup</string>
			<key>name</key>
			<string>Supporting Files</string>
			<key>sourceTree</key>
			<string>&lt;group&gt;</string>
		</dict>
		<key>08C200D317477576000D5408</key>
		<dict>
			<key>isa</key>
			<string>PBXFileReference</string>
			<key>lastKnownFileType</key>
			<string>text.plist.xml</string>
			<key>path</key>
			<string>sevenmin-appTests-Info.plist</string>
			<key>sourceTree</key>
			<string>&lt;group&gt;</string>
		</dict>
		<key>08C200D417477576000D5408</key>
		<dict>
			<key>children</key>
			<array>
				<string>08C200D517477576000D5408</string>
			</array>
			<key>isa</key>
			<string>PBXVariantGroup</string>
			<key>name</key>
			<string>InfoPlist.strings</string>
			<key>sourceTree</key>
			<string>&lt;group&gt;</string>
		</dict>
		<key>08C200D517477576000D5408</key>
		<dict>
			<key>isa</key>
			<string>PBXFileReference</string>
			<key>lastKnownFileType</key>
			<string>text.plist.strings</string>
			<key>name</key>
			<string>en</string>
			<key>path</key>
			<string>en.lproj/InfoPlist.strings</string>
			<key>sourceTree</key>
			<string>&lt;group&gt;</string>
		</dict>
		<key>08C200D617477576000D5408</key>
		<dict>
			<key>fileRef</key>
			<string>08C200D417477576000D5408</string>
			<key>isa</key>
			<string>PBXBuildFile</string>
		</dict>
		<key>08C200D717477576000D5408</key>
		<dict>
			<key>isa</key>
			<string>PBXFileReference</string>
			<key>lastKnownFileType</key>
			<string>sourcecode.c.h</string>
			<key>path</key>
			<string>sevenmin_appTests.h</string>
			<key>sourceTree</key>
			<string>&lt;group&gt;</string>
		</dict>
		<key>08C200D817477576000D5408</key>
		<dict>
			<key>isa</key>
			<string>PBXFileReference</string>
			<key>lastKnownFileType</key>
			<string>sourcecode.c.objc</string>
			<key>path</key>
			<string>sevenmin_appTests.m</string>
			<key>sourceTree</key>
			<string>&lt;group&gt;</string>
		</dict>
		<key>08C200D917477576000D5408</key>
		<dict>
			<key>fileRef</key>
			<string>08C200D817477576000D5408</string>
			<key>isa</key>
			<string>PBXBuildFile</string>
		</dict>
		<key>08C200DA17477576000D5408</key>
		<dict>
			<key>buildSettings</key>
			<dict>
				<key>ALWAYS_SEARCH_USER_PATHS</key>
				<string>NO</string>
				<key>CLANG_CXX_LANGUAGE_STANDARD</key>
				<string>gnu++0x</string>
				<key>CLANG_CXX_LIBRARY</key>
				<string>libc++</string>
				<key>CLANG_ENABLE_OBJC_ARC</key>
				<string>YES</string>
				<key>CLANG_WARN_CONSTANT_CONVERSION</key>
				<string>YES</string>
				<key>CLANG_WARN_EMPTY_BODY</key>
				<string>YES</string>
				<key>CLANG_WARN_ENUM_CONVERSION</key>
				<string>YES</string>
				<key>CLANG_WARN_INT_CONVERSION</key>
				<string>YES</string>
				<key>CLANG_WARN__DUPLICATE_METHOD_MATCH</key>
				<string>YES</string>
				<key>CODE_SIGN_IDENTITY[sdk=iphoneos*]</key>
				<string>iPhone Developer</string>
				<key>COPY_PHASE_STRIP</key>
				<string>NO</string>
				<key>GCC_C_LANGUAGE_STANDARD</key>
				<string>gnu99</string>
				<key>GCC_DYNAMIC_NO_PIC</key>
				<string>NO</string>
				<key>GCC_OPTIMIZATION_LEVEL</key>
				<string>0</string>
				<key>GCC_PREPROCESSOR_DEFINITIONS</key>
				<array>
					<string>DEBUG=1</string>
					<string>$(inherited)</string>
				</array>
				<key>GCC_SYMBOLS_PRIVATE_EXTERN</key>
				<string>NO</string>
				<key>GCC_WARN_ABOUT_RETURN_TYPE</key>
				<string>YES</string>
				<key>GCC_WARN_UNINITIALIZED_AUTOS</key>
				<string>YES</string>
				<key>GCC_WARN_UNUSED_VARIABLE</key>
				<string>YES</string>
				<key>IPHONEOS_DEPLOYMENT_TARGET</key>
				<string>6.1</string>
				<key>ONLY_ACTIVE_ARCH</key>
				<string>YES</string>
				<key>SDKROOT</key>
				<string>iphoneos</string>
			</dict>
			<key>isa</key>
			<string>XCBuildConfiguration</string>
			<key>name</key>
			<string>Debug</string>
		</dict>
		<key>08C200DB17477576000D5408</key>
		<dict>
			<key>buildSettings</key>
			<dict>
				<key>ALWAYS_SEARCH_USER_PATHS</key>
				<string>NO</string>
				<key>CLANG_CXX_LANGUAGE_STANDARD</key>
				<string>gnu++0x</string>
				<key>CLANG_CXX_LIBRARY</key>
				<string>libc++</string>
				<key>CLANG_ENABLE_OBJC_ARC</key>
				<string>YES</string>
				<key>CLANG_WARN_CONSTANT_CONVERSION</key>
				<string>YES</string>
				<key>CLANG_WARN_EMPTY_BODY</key>
				<string>YES</string>
				<key>CLANG_WARN_ENUM_CONVERSION</key>
				<string>YES</string>
				<key>CLANG_WARN_INT_CONVERSION</key>
				<string>YES</string>
				<key>CLANG_WARN__DUPLICATE_METHOD_MATCH</key>
				<string>YES</string>
				<key>CODE_SIGN_IDENTITY[sdk=iphoneos*]</key>
				<string>iPhone Developer</string>
				<key>COPY_PHASE_STRIP</key>
				<string>YES</string>
				<key>GCC_C_LANGUAGE_STANDARD</key>
				<string>gnu99</string>
				<key>GCC_WARN_ABOUT_RETURN_TYPE</key>
				<string>YES</string>
				<key>GCC_WARN_UNINITIALIZED_AUTOS</key>
				<string>YES</string>
				<key>GCC_WARN_UNUSED_VARIABLE</key>
				<string>YES</string>
				<key>IPHONEOS_DEPLOYMENT_TARGET</key>
				<string>6.1</string>
				<key>OTHER_CFLAGS</key>
				<string>-DNS_BLOCK_ASSERTIONS=1</string>
				<key>SDKROOT</key>
				<string>iphoneos</string>
				<key>VALIDATE_PRODUCT</key>
				<string>YES</string>
			</dict>
			<key>isa</key>
			<string>XCBuildConfiguration</string>
			<key>name</key>
			<string>Release</string>
		</dict>
		<key>08C200DC17477576000D5408</key>
		<dict>
			<key>buildConfigurations</key>
			<array>
				<string>08C200DD17477576000D5408</string>
				<string>08C200DE17477576000D5408</string>
			</array>
			<key>defaultConfigurationIsVisible</key>
			<string>0</string>
			<key>defaultConfigurationName</key>
			<string>Release</string>
			<key>isa</key>
			<string>XCConfigurationList</string>
		</dict>
		<key>08C200DD17477576000D5408</key>
		<dict>
			<key>baseConfigurationReference</key>
			<string>883DD7538D6D4CF6BEE7553A</string>
			<key>buildSettings</key>
			<dict>
				<key>GCC_PRECOMPILE_PREFIX_HEADER</key>
				<string>YES</string>
				<key>GCC_PREFIX_HEADER</key>
				<string>sevenmin-app/sevenmin-app-Prefix.pch</string>
				<key>INFOPLIST_FILE</key>
				<string>sevenmin-app/sevenmin-app-Info.plist</string>
				<key>PRODUCT_NAME</key>
				<string>SevenMinute</string>
				<key>WRAPPER_EXTENSION</key>
				<string>app</string>
			</dict>
			<key>isa</key>
			<string>XCBuildConfiguration</string>
			<key>name</key>
			<string>Debug</string>
		</dict>
		<key>08C200DE17477576000D5408</key>
		<dict>
			<key>baseConfigurationReference</key>
			<string>883DD7538D6D4CF6BEE7553A</string>
			<key>buildSettings</key>
			<dict>
				<key>CODE_SIGN_IDENTITY</key>
				<string>iPhone Distribution: Maria Santoso (L35YSLXNYN)</string>
				<key>CODE_SIGN_IDENTITY[sdk=iphoneos*]</key>
				<string>iPhone Distribution: Maria Santoso (L35YSLXNYN)</string>
				<key>GCC_PRECOMPILE_PREFIX_HEADER</key>
				<string>YES</string>
				<key>GCC_PREFIX_HEADER</key>
				<string>sevenmin-app/sevenmin-app-Prefix.pch</string>
				<key>INFOPLIST_FILE</key>
				<string>sevenmin-app/sevenmin-app-Info.plist</string>
				<key>PRODUCT_NAME</key>
				<string>SevenMinute</string>
				<key>PROVISIONING_PROFILE</key>
				<string>9315FF98-D25B-4FE0-A9BA-9DC1F8D0B0C2</string>
				<key>PROVISIONING_PROFILE[sdk=iphoneos*]</key>
				<string>9315FF98-D25B-4FE0-A9BA-9DC1F8D0B0C2</string>
				<key>WRAPPER_EXTENSION</key>
				<string>app</string>
			</dict>
			<key>isa</key>
			<string>XCBuildConfiguration</string>
			<key>name</key>
			<string>Release</string>
		</dict>
		<key>08C200DF17477576000D5408</key>
		<dict>
			<key>buildConfigurations</key>
			<array>
				<string>08C200E017477576000D5408</string>
				<string>08C200E117477576000D5408</string>
			</array>
			<key>defaultConfigurationIsVisible</key>
			<string>0</string>
			<key>defaultConfigurationName</key>
			<string>Release</string>
			<key>isa</key>
			<string>XCConfigurationList</string>
		</dict>
		<key>08C200E017477576000D5408</key>
		<dict>
			<key>buildSettings</key>
			<dict>
				<key>BUNDLE_LOADER</key>
				<string>$(BUILT_PRODUCTS_DIR)/sevenmin-app.app/sevenmin-app</string>
				<key>FRAMEWORK_SEARCH_PATHS</key>
				<array>
					<string>"$(SDKROOT)/Developer/Library/Frameworks"</string>
					<string>"$(DEVELOPER_LIBRARY_DIR)/Frameworks"</string>
				</array>
				<key>GCC_PRECOMPILE_PREFIX_HEADER</key>
				<string>YES</string>
				<key>GCC_PREFIX_HEADER</key>
				<string>sevenmin-app/sevenmin-app-Prefix.pch</string>
				<key>INFOPLIST_FILE</key>
				<string>sevenmin-appTests/sevenmin-appTests-Info.plist</string>
				<key>PRODUCT_NAME</key>
				<string>$(TARGET_NAME)</string>
				<key>TEST_HOST</key>
				<string>$(BUNDLE_LOADER)</string>
				<key>WRAPPER_EXTENSION</key>
				<string>octest</string>
			</dict>
			<key>isa</key>
			<string>XCBuildConfiguration</string>
			<key>name</key>
			<string>Debug</string>
		</dict>
		<key>08C200E117477576000D5408</key>
		<dict>
			<key>buildSettings</key>
			<dict>
				<key>BUNDLE_LOADER</key>
				<string>$(BUILT_PRODUCTS_DIR)/sevenmin-app.app/sevenmin-app</string>
				<key>FRAMEWORK_SEARCH_PATHS</key>
				<array>
					<string>"$(SDKROOT)/Developer/Library/Frameworks"</string>
					<string>"$(DEVELOPER_LIBRARY_DIR)/Frameworks"</string>
				</array>
				<key>GCC_PRECOMPILE_PREFIX_HEADER</key>
				<string>YES</string>
				<key>GCC_PREFIX_HEADER</key>
				<string>sevenmin-app/sevenmin-app-Prefix.pch</string>
				<key>INFOPLIST_FILE</key>
				<string>sevenmin-appTests/sevenmin-appTests-Info.plist</string>
				<key>PRODUCT_NAME</key>
				<string>$(TARGET_NAME)</string>
				<key>TEST_HOST</key>
				<string>$(BUNDLE_LOADER)</string>
				<key>WRAPPER_EXTENSION</key>
				<string>octest</string>
			</dict>
			<key>isa</key>
			<string>XCBuildConfiguration</string>
			<key>name</key>
			<string>Release</string>
		</dict>
		<key>08C200E4174872EB000D5408</key>
		<dict>
			<key>children</key>
			<array>
				<string>08A89C1B176EF27800A80266</string>
				<string>08DBD48B174B9EB9000A297D</string>
				<string>08DBD48C174B9EB9000A297D</string>
				<string>08DBD48D174B9EB9000A297D</string>
				<string>08DBD48E174B9EB9000A297D</string>
				<string>08046B57174994C600F3324D</string>
				<string>08046B58174994C600F3324D</string>
				<string>08CA975117488721003A37EE</string>
				<string>08C200F117487689000D5408</string>
				<string>08C200EB1748730F000D5408</string>
				<string>08C200E5174872F4000D5408</string>
				<string>08C200E6174872F4000D5408</string>
				<string>08C200E7174872F4000D5408</string>
				<string>08DBD479174B9E88000A297D</string>
				<string>08DBD47A174B9E88000A297D</string>
				<string>08DBD47B174B9E89000A297D</string>
				<string>08DBD47C174B9E89000A297D</string>
				<string>08DBD47D174B9E89000A297D</string>
				<string>08DBD47E174B9E89000A297D</string>
				<string>08DBD47F174B9E89000A297D</string>
				<string>08DBD480174B9E89000A297D</string>
				<string>08DBD481174B9E8A000A297D</string>
			</array>
			<key>isa</key>
			<string>PBXGroup</string>
			<key>name</key>
			<string>resources</string>
			<key>sourceTree</key>
			<string>&lt;group&gt;</string>
		</dict>
		<key>08C200E5174872F4000D5408</key>
		<dict>
			<key>isa</key>
			<string>PBXFileReference</string>
			<key>lastKnownFileType</key>
			<string>image.png</string>
			<key>name</key>
			<string>ex1.png</string>
			<key>path</key>
			<string>resources/ex1.png</string>
			<key>sourceTree</key>
			<string>&lt;group&gt;</string>
		</dict>
		<key>08C200E6174872F4000D5408</key>
		<dict>
			<key>isa</key>
			<string>PBXFileReference</string>
			<key>lastKnownFileType</key>
			<string>image.png</string>
			<key>name</key>
			<string>ex2.png</string>
			<key>path</key>
			<string>resources/ex2.png</string>
			<key>sourceTree</key>
			<string>&lt;group&gt;</string>
		</dict>
		<key>08C200E7174872F4000D5408</key>
		<dict>
			<key>isa</key>
			<string>PBXFileReference</string>
			<key>lastKnownFileType</key>
			<string>image.png</string>
			<key>name</key>
			<string>ex3.png</string>
			<key>path</key>
			<string>resources/ex3.png</string>
			<key>sourceTree</key>
			<string>&lt;group&gt;</string>
		</dict>
		<key>08C200E8174872F4000D5408</key>
		<dict>
			<key>fileRef</key>
			<string>08C200E5174872F4000D5408</string>
			<key>isa</key>
			<string>PBXBuildFile</string>
		</dict>
		<key>08C200E9174872F4000D5408</key>
		<dict>
			<key>fileRef</key>
			<string>08C200E6174872F4000D5408</string>
			<key>isa</key>
			<string>PBXBuildFile</string>
		</dict>
		<key>08C200EA174872F4000D5408</key>
		<dict>
			<key>fileRef</key>
			<string>08C200E7174872F4000D5408</string>
			<key>isa</key>
			<string>PBXBuildFile</string>
		</dict>
		<key>08C200EB1748730F000D5408</key>
		<dict>
			<key>isa</key>
			<string>PBXFileReference</string>
			<key>lastKnownFileType</key>
			<string>image.png</string>
			<key>path</key>
			<string>clock.png</string>
			<key>sourceTree</key>
			<string>&lt;group&gt;</string>
		</dict>
		<key>08C200EC1748730F000D5408</key>
		<dict>
			<key>fileRef</key>
			<string>08C200EB1748730F000D5408</string>
			<key>isa</key>
			<string>PBXBuildFile</string>
		</dict>
		<key>08C200F117487689000D5408</key>
		<dict>
			<key>isa</key>
			<string>PBXFileReference</string>
			<key>lastKnownFileType</key>
			<string>image.png</string>
			<key>path</key>
			<string>clock@2x.png</string>
			<key>sourceTree</key>
			<string>&lt;group&gt;</string>
		</dict>
		<key>08C200F217487689000D5408</key>
		<dict>
			<key>fileRef</key>
			<string>08C200F117487689000D5408</string>
			<key>isa</key>
			<string>PBXBuildFile</string>
		</dict>
		<key>08CA974917487E0D003A37EE</key>
		<dict>
			<key>fileEncoding</key>
			<string>4</string>
			<key>isa</key>
			<string>PBXFileReference</string>
			<key>lastKnownFileType</key>
			<string>sourcecode.c.h</string>
			<key>path</key>
			<string>MainViewController.h</string>
			<key>sourceTree</key>
			<string>&lt;group&gt;</string>
		</dict>
		<key>08CA974A17487E0D003A37EE</key>
		<dict>
			<key>fileEncoding</key>
			<string>4</string>
			<key>isa</key>
			<string>PBXFileReference</string>
			<key>lastKnownFileType</key>
			<string>sourcecode.c.objc</string>
			<key>path</key>
			<string>MainViewController.m</string>
			<key>sourceTree</key>
			<string>&lt;group&gt;</string>
		</dict>
		<key>08CA974B17487E0D003A37EE</key>
		<dict>
			<key>fileEncoding</key>
			<string>4</string>
			<key>isa</key>
			<string>PBXFileReference</string>
			<key>lastKnownFileType</key>
			<string>file.xib</string>
			<key>path</key>
			<string>MainViewController.xib</string>
			<key>sourceTree</key>
			<string>&lt;group&gt;</string>
		</dict>
		<key>08CA974D17487E0D003A37EE</key>
		<dict>
			<key>fileRef</key>
			<string>08CA974B17487E0D003A37EE</string>
			<key>isa</key>
			<string>PBXBuildFile</string>
		</dict>
		<key>08CA974E17487FD5003A37EE</key>
		<dict>
			<key>fileRef</key>
			<string>08CA974A17487E0D003A37EE</string>
			<key>isa</key>
			<string>PBXBuildFile</string>
		</dict>
		<key>08CA975117488721003A37EE</key>
		<dict>
			<key>isa</key>
			<string>PBXFileReference</string>
			<key>lastKnownFileType</key>
			<string>image.png</string>
			<key>path</key>
			<string>list_icon.png</string>
			<key>sourceTree</key>
			<string>&lt;group&gt;</string>
		</dict>
		<key>08CA975217488721003A37EE</key>
		<dict>
			<key>fileRef</key>
			<string>08CA975117488721003A37EE</string>
			<key>isa</key>
			<string>PBXBuildFile</string>
		</dict>
		<key>08CA975A1748A149003A37EE</key>
		<dict>
			<key>fileEncoding</key>
			<string>4</string>
			<key>isa</key>
			<string>PBXFileReference</string>
			<key>lastKnownFileType</key>
			<string>sourcecode.c.h</string>
			<key>path</key>
			<string>WorkoutSession.h</string>
			<key>sourceTree</key>
			<string>&lt;group&gt;</string>
		</dict>
		<key>08CA975B1748A149003A37EE</key>
		<dict>
			<key>fileEncoding</key>
			<string>4</string>
			<key>isa</key>
			<string>PBXFileReference</string>
			<key>lastKnownFileType</key>
			<string>sourcecode.c.objc</string>
			<key>path</key>
			<string>WorkoutSession.m</string>
			<key>sourceTree</key>
			<string>&lt;group&gt;</string>
		</dict>
		<key>08CA975C1748A149003A37EE</key>
		<dict>
			<key>fileRef</key>
			<string>08CA975B1748A149003A37EE</string>
			<key>isa</key>
			<string>PBXBuildFile</string>
		</dict>
		<key>08CA97661748A88B003A37EE</key>
		<dict>
			<key>fileEncoding</key>
			<string>4</string>
			<key>isa</key>
			<string>PBXFileReference</string>
			<key>lastKnownFileType</key>
			<string>file.xib</string>
			<key>path</key>
			<string>RepPickerView.xib</string>
			<key>sourceTree</key>
			<string>&lt;group&gt;</string>
		</dict>
		<key>08CA97671748A88B003A37EE</key>
		<dict>
			<key>fileRef</key>
			<string>08CA97661748A88B003A37EE</string>
			<key>isa</key>
			<string>PBXBuildFile</string>
		</dict>
		<key>08CA97681748A8FE003A37EE</key>
		<dict>
			<key>fileEncoding</key>
			<string>4</string>
			<key>isa</key>
			<string>PBXFileReference</string>
			<key>lastKnownFileType</key>
			<string>sourcecode.c.h</string>
			<key>path</key>
			<string>RepPickerView.h</string>
			<key>sourceTree</key>
			<string>&lt;group&gt;</string>
		</dict>
		<key>08CA97691748A8FE003A37EE</key>
		<dict>
			<key>fileEncoding</key>
			<string>4</string>
			<key>isa</key>
			<string>PBXFileReference</string>
			<key>lastKnownFileType</key>
			<string>sourcecode.c.objc</string>
			<key>path</key>
			<string>RepPickerView.m</string>
			<key>sourceTree</key>
			<string>&lt;group&gt;</string>
		</dict>
		<key>08CA976A1748A8FE003A37EE</key>
		<dict>
			<key>fileRef</key>
			<string>08CA97691748A8FE003A37EE</string>
			<key>isa</key>
			<string>PBXBuildFile</string>
		</dict>
		<key>08DBD45F174B60EF000A297D</key>
		<dict>
			<key>fileEncoding</key>
			<string>4</string>
			<key>isa</key>
			<string>PBXFileReference</string>
			<key>lastKnownFileType</key>
			<string>sourcecode.c.h</string>
			<key>path</key>
			<string>PauseOverlayView.h</string>
			<key>sourceTree</key>
			<string>&lt;group&gt;</string>
		</dict>
		<key>08DBD460174B60EF000A297D</key>
		<dict>
			<key>fileEncoding</key>
			<string>4</string>
			<key>isa</key>
			<string>PBXFileReference</string>
			<key>lastKnownFileType</key>
			<string>sourcecode.c.objc</string>
			<key>path</key>
			<string>PauseOverlayView.m</string>
			<key>sourceTree</key>
			<string>&lt;group&gt;</string>
		</dict>
		<key>08DBD461174B60EF000A297D</key>
		<dict>
			<key>fileRef</key>
			<string>08DBD460174B60EF000A297D</string>
			<key>isa</key>
			<string>PBXBuildFile</string>
		</dict>
		<key>08DBD462174B62B1000A297D</key>
		<dict>
			<key>fileEncoding</key>
			<string>4</string>
			<key>isa</key>
			<string>PBXFileReference</string>
			<key>lastKnownFileType</key>
			<string>sourcecode.c.h</string>
			<key>path</key>
			<string>TimerMgr.h</string>
			<key>sourceTree</key>
			<string>&lt;group&gt;</string>
		</dict>
		<key>08DBD463174B62B1000A297D</key>
		<dict>
			<key>fileEncoding</key>
			<string>4</string>
			<key>isa</key>
			<string>PBXFileReference</string>
			<key>lastKnownFileType</key>
			<string>sourcecode.c.objc</string>
			<key>path</key>
			<string>TimerMgr.m</string>
			<key>sourceTree</key>
			<string>&lt;group&gt;</string>
		</dict>
		<key>08DBD464174B62B2000A297D</key>
		<dict>
			<key>fileRef</key>
			<string>08DBD463174B62B1000A297D</string>
			<key>isa</key>
			<string>PBXBuildFile</string>
		</dict>
		<key>08DBD465174B68AE000A297D</key>
		<dict>
			<key>fileEncoding</key>
			<string>4</string>
			<key>isa</key>
			<string>PBXFileReference</string>
			<key>lastKnownFileType</key>
			<string>sourcecode.c.h</string>
			<key>path</key>
			<string>JTSingleton.h</string>
			<key>sourceTree</key>
			<string>&lt;group&gt;</string>
		</dict>
		<key>08DBD46B174B6D4C000A297D</key>
		<dict>
			<key>fileEncoding</key>
			<string>4</string>
			<key>isa</key>
			<string>PBXFileReference</string>
			<key>lastKnownFileType</key>
			<string>file.xib</string>
			<key>path</key>
			<string>WorkoutView.xib</string>
			<key>sourceTree</key>
			<string>&lt;group&gt;</string>
		</dict>
		<key>08DBD46C174B6D4C000A297D</key>
		<dict>
			<key>fileRef</key>
			<string>08DBD46B174B6D4C000A297D</string>
			<key>isa</key>
			<string>PBXBuildFile</string>
		</dict>
		<key>08DBD46D174B6D82000A297D</key>
		<dict>
			<key>fileEncoding</key>
			<string>4</string>
			<key>isa</key>
			<string>PBXFileReference</string>
			<key>lastKnownFileType</key>
			<string>sourcecode.c.h</string>
			<key>path</key>
			<string>WorkoutView.h</string>
			<key>sourceTree</key>
			<string>&lt;group&gt;</string>
		</dict>
		<key>08DBD46E174B6D83000A297D</key>
		<dict>
			<key>fileEncoding</key>
			<string>4</string>
			<key>isa</key>
			<string>PBXFileReference</string>
			<key>lastKnownFileType</key>
			<string>sourcecode.c.objc</string>
			<key>path</key>
			<string>WorkoutView.m</string>
			<key>sourceTree</key>
			<string>&lt;group&gt;</string>
		</dict>
		<key>08DBD46F174B6D83000A297D</key>
		<dict>
			<key>fileRef</key>
			<string>08DBD46E174B6D83000A297D</string>
			<key>isa</key>
			<string>PBXBuildFile</string>
		</dict>
		<key>08DBD474174B95D5000A297D</key>
		<dict>
			<key>fileEncoding</key>
			<string>4</string>
			<key>isa</key>
			<string>PBXFileReference</string>
			<key>lastKnownFileType</key>
			<string>file.xib</string>
			<key>path</key>
			<string>OverlayView.xib</string>
			<key>sourceTree</key>
			<string>&lt;group&gt;</string>
		</dict>
		<key>08DBD475174B95D6000A297D</key>
		<dict>
			<key>fileRef</key>
			<string>08DBD474174B95D5000A297D</string>
			<key>isa</key>
			<string>PBXBuildFile</string>
		</dict>
		<key>08DBD476174B9780000A297D</key>
		<dict>
			<key>fileEncoding</key>
			<string>4</string>
			<key>isa</key>
			<string>PBXFileReference</string>
			<key>lastKnownFileType</key>
			<string>sourcecode.c.h</string>
			<key>path</key>
			<string>StartOverlayView.h</string>
			<key>sourceTree</key>
			<string>&lt;group&gt;</string>
		</dict>
		<key>08DBD477174B9780000A297D</key>
		<dict>
			<key>fileEncoding</key>
			<string>4</string>
			<key>isa</key>
			<string>PBXFileReference</string>
			<key>lastKnownFileType</key>
			<string>sourcecode.c.objc</string>
			<key>path</key>
			<string>StartOverlayView.m</string>
			<key>sourceTree</key>
			<string>&lt;group&gt;</string>
		</dict>
		<key>08DBD478174B9781000A297D</key>
		<dict>
			<key>fileRef</key>
			<string>08DBD477174B9780000A297D</string>
			<key>isa</key>
			<string>PBXBuildFile</string>
		</dict>
		<key>08DBD479174B9E88000A297D</key>
		<dict>
			<key>isa</key>
			<string>PBXFileReference</string>
			<key>lastKnownFileType</key>
			<string>image.png</string>
			<key>name</key>
			<string>ex12.png</string>
			<key>path</key>
			<string>resources/ex12.png</string>
			<key>sourceTree</key>
			<string>&lt;group&gt;</string>
		</dict>
		<key>08DBD47A174B9E88000A297D</key>
		<dict>
			<key>isa</key>
			<string>PBXFileReference</string>
			<key>lastKnownFileType</key>
			<string>image.png</string>
			<key>name</key>
			<string>ex11.png</string>
			<key>path</key>
			<string>resources/ex11.png</string>
			<key>sourceTree</key>
			<string>&lt;group&gt;</string>
		</dict>
		<key>08DBD47B174B9E89000A297D</key>
		<dict>
			<key>isa</key>
			<string>PBXFileReference</string>
			<key>lastKnownFileType</key>
			<string>image.png</string>
			<key>name</key>
			<string>ex10.png</string>
			<key>path</key>
			<string>resources/ex10.png</string>
			<key>sourceTree</key>
			<string>&lt;group&gt;</string>
		</dict>
		<key>08DBD47C174B9E89000A297D</key>
		<dict>
			<key>isa</key>
			<string>PBXFileReference</string>
			<key>lastKnownFileType</key>
			<string>image.png</string>
			<key>name</key>
			<string>ex9.png</string>
			<key>path</key>
			<string>resources/ex9.png</string>
			<key>sourceTree</key>
			<string>&lt;group&gt;</string>
		</dict>
		<key>08DBD47D174B9E89000A297D</key>
		<dict>
			<key>isa</key>
			<string>PBXFileReference</string>
			<key>lastKnownFileType</key>
			<string>image.png</string>
			<key>name</key>
			<string>ex8.png</string>
			<key>path</key>
			<string>resources/ex8.png</string>
			<key>sourceTree</key>
			<string>&lt;group&gt;</string>
		</dict>
		<key>08DBD47E174B9E89000A297D</key>
		<dict>
			<key>isa</key>
			<string>PBXFileReference</string>
			<key>lastKnownFileType</key>
			<string>image.png</string>
			<key>name</key>
			<string>ex7.png</string>
			<key>path</key>
			<string>resources/ex7.png</string>
			<key>sourceTree</key>
			<string>&lt;group&gt;</string>
		</dict>
		<key>08DBD47F174B9E89000A297D</key>
		<dict>
			<key>isa</key>
			<string>PBXFileReference</string>
			<key>lastKnownFileType</key>
			<string>image.png</string>
			<key>name</key>
			<string>ex6.png</string>
			<key>path</key>
			<string>resources/ex6.png</string>
			<key>sourceTree</key>
			<string>&lt;group&gt;</string>
		</dict>
		<key>08DBD480174B9E89000A297D</key>
		<dict>
			<key>isa</key>
			<string>PBXFileReference</string>
			<key>lastKnownFileType</key>
			<string>image.png</string>
			<key>name</key>
			<string>ex5.png</string>
			<key>path</key>
			<string>resources/ex5.png</string>
			<key>sourceTree</key>
			<string>&lt;group&gt;</string>
		</dict>
		<key>08DBD481174B9E8A000A297D</key>
		<dict>
			<key>isa</key>
			<string>PBXFileReference</string>
			<key>lastKnownFileType</key>
			<string>image.png</string>
			<key>name</key>
			<string>ex4.png</string>
			<key>path</key>
			<string>resources/ex4.png</string>
			<key>sourceTree</key>
			<string>&lt;group&gt;</string>
		</dict>
		<key>08DBD482174B9E8A000A297D</key>
		<dict>
			<key>fileRef</key>
			<string>08DBD479174B9E88000A297D</string>
			<key>isa</key>
			<string>PBXBuildFile</string>
		</dict>
		<key>08DBD483174B9E8A000A297D</key>
		<dict>
			<key>fileRef</key>
			<string>08DBD47A174B9E88000A297D</string>
			<key>isa</key>
			<string>PBXBuildFile</string>
		</dict>
		<key>08DBD484174B9E8A000A297D</key>
		<dict>
			<key>fileRef</key>
			<string>08DBD47B174B9E89000A297D</string>
			<key>isa</key>
			<string>PBXBuildFile</string>
		</dict>
		<key>08DBD485174B9E8A000A297D</key>
		<dict>
			<key>fileRef</key>
			<string>08DBD47C174B9E89000A297D</string>
			<key>isa</key>
			<string>PBXBuildFile</string>
		</dict>
		<key>08DBD486174B9E8A000A297D</key>
		<dict>
			<key>fileRef</key>
			<string>08DBD47D174B9E89000A297D</string>
			<key>isa</key>
			<string>PBXBuildFile</string>
		</dict>
		<key>08DBD487174B9E8A000A297D</key>
		<dict>
			<key>fileRef</key>
			<string>08DBD47E174B9E89000A297D</string>
			<key>isa</key>
			<string>PBXBuildFile</string>
		</dict>
		<key>08DBD488174B9E8A000A297D</key>
		<dict>
			<key>fileRef</key>
			<string>08DBD47F174B9E89000A297D</string>
			<key>isa</key>
			<string>PBXBuildFile</string>
		</dict>
		<key>08DBD489174B9E8A000A297D</key>
		<dict>
			<key>fileRef</key>
			<string>08DBD480174B9E89000A297D</string>
			<key>isa</key>
			<string>PBXBuildFile</string>
		</dict>
		<key>08DBD48A174B9E8A000A297D</key>
		<dict>
			<key>fileRef</key>
			<string>08DBD481174B9E8A000A297D</string>
			<key>isa</key>
			<string>PBXBuildFile</string>
		</dict>
		<key>08DBD48B174B9EB9000A297D</key>
		<dict>
			<key>isa</key>
			<string>PBXFileReference</string>
			<key>lastKnownFileType</key>
			<string>image.png</string>
			<key>name</key>
			<string>start_button.png</string>
			<key>path</key>
			<string>resources/start_button.png</string>
			<key>sourceTree</key>
			<string>&lt;group&gt;</string>
		</dict>
		<key>08DBD48C174B9EB9000A297D</key>
		<dict>
			<key>isa</key>
			<string>PBXFileReference</string>
			<key>lastKnownFileType</key>
			<string>image.png</string>
			<key>name</key>
			<string>start_button@2x.png</string>
			<key>path</key>
			<string>resources/start_button@2x.png</string>
			<key>sourceTree</key>
			<string>&lt;group&gt;</string>
		</dict>
		<key>08DBD48D174B9EB9000A297D</key>
		<dict>
			<key>isa</key>
			<string>PBXFileReference</string>
			<key>lastKnownFileType</key>
			<string>image.png</string>
			<key>name</key>
			<string>stop_button.png</string>
			<key>path</key>
			<string>resources/stop_button.png</string>
			<key>sourceTree</key>
			<string>&lt;group&gt;</string>
		</dict>
		<key>08DBD48E174B9EB9000A297D</key>
		<dict>
			<key>isa</key>
			<string>PBXFileReference</string>
			<key>lastKnownFileType</key>
			<string>image.png</string>
			<key>name</key>
			<string>stop_button@2x.png</string>
			<key>path</key>
			<string>resources/stop_button@2x.png</string>
			<key>sourceTree</key>
			<string>&lt;group&gt;</string>
		</dict>
		<key>08DBD48F174B9EB9000A297D</key>
		<dict>
			<key>fileRef</key>
			<string>08DBD48B174B9EB9000A297D</string>
			<key>isa</key>
			<string>PBXBuildFile</string>
		</dict>
		<key>08DBD490174B9EB9000A297D</key>
		<dict>
			<key>fileRef</key>
			<string>08DBD48C174B9EB9000A297D</string>
			<key>isa</key>
			<string>PBXBuildFile</string>
		</dict>
		<key>08DBD491174B9EB9000A297D</key>
		<dict>
			<key>fileRef</key>
			<string>08DBD48D174B9EB9000A297D</string>
			<key>isa</key>
			<string>PBXBuildFile</string>
		</dict>
		<key>08DBD492174B9EB9000A297D</key>
		<dict>
			<key>fileRef</key>
			<string>08DBD48E174B9EB9000A297D</string>
			<key>isa</key>
			<string>PBXBuildFile</string>
		</dict>
		<key>2383E2210F6B4971956A4D02</key>
		<dict>
			<key>buildActionMask</key>
			<string>2147483647</string>
			<key>files</key>
			<array/>
			<key>inputPaths</key>
			<array/>
			<key>isa</key>
			<string>PBXShellScriptBuildPhase</string>
			<key>name</key>
			<string>Copy Pods Resources</string>
			<key>outputPaths</key>
			<array/>
			<key>runOnlyForDeploymentPostprocessing</key>
			<string>0</string>
			<key>shellPath</key>
			<string>/bin/sh</string>
			<key>shellScript</key>
			<string>"${SRCROOT}/Pods/Pods-resources.sh"
</string>
			<key>showEnvVarsInLog</key>
			<string>1</string>
		</dict>
		<key>4E1C6F641B054C4887D71BA7</key>
		<dict>
			<key>buildActionMask</key>
			<string>2147483647</string>
			<key>files</key>
			<array/>
			<key>inputPaths</key>
			<array/>
			<key>isa</key>
			<string>PBXShellScriptBuildPhase</string>
			<key>name</key>
			<string>Check Pods Manifest.lock</string>
			<key>outputPaths</key>
			<array/>
			<key>runOnlyForDeploymentPostprocessing</key>
			<string>0</string>
			<key>shellPath</key>
			<string>/bin/sh</string>
			<key>shellScript</key>
			<string>diff "${PODS_ROOT}/../Podfile.lock" "${PODS_ROOT}/Manifest.lock" &gt; /dev/null
if [[ $? != 0 ]] ; then
    cat &lt;&lt; EOM
error: The sandbox is not in sync with the Podfile.lock. Run 'pod install' or update your CocoaPods installation.
EOM
    exit 1
fi
</string>
			<key>showEnvVarsInLog</key>
			<string>1</string>
		</dict>
		<key>6C7956842B9C4FEFAA46901C</key>
		<dict>
			<key>fileRef</key>
			<string>F24D9D953C4C4EAEB2B682A6</string>
			<key>isa</key>
			<string>PBXBuildFile</string>
			<key>settings</key>
			<dict/>
		</dict>
		<key>883DD7538D6D4CF6BEE7553A</key>
		<dict>
			<key>includeInIndex</key>
			<string>1</string>
			<key>isa</key>
			<string>PBXFileReference</string>
			<key>lastKnownFileType</key>
			<string>text.xcconfig</string>
			<key>name</key>
			<string>Pods.xcconfig</string>
			<key>path</key>
			<string>Pods/Pods.xcconfig</string>
			<key>sourceTree</key>
			<string>SOURCE_ROOT</string>
		</dict>
		<key>F24D9D953C4C4EAEB2B682A6</key>
		<dict>
			<key>explicitFileType</key>
			<string>archive.ar</string>
			<key>includeInIndex</key>
			<string>0</string>
			<key>isa</key>
			<string>PBXFileReference</string>
			<key>name</key>
			<string>libPods.a</string>
			<key>path</key>
			<string>libPods.a</string>
			<key>sourceTree</key>
			<string>BUILT_PRODUCTS_DIR</string>
		</dict>
	</dict>
	<key>rootObject</key>
	<string>08C2009C17477575000D5408</string>
</dict>
</plist>
