// !$*UTF8*$!
{
	archiveVersion = 1;
	classes = {
	};
	objectVersion = 46;
	objects = {

/* Begin PBXBuildFile section */
		08046B59174994C600F3324D /* UIView+Position.m in Sources */ = {isa = PBXBuildFile; fileRef = 08046B58174994C600F3324D /* UIView+Position.m */; };
		081F9AE3174C384E000A00A2 /* QuartzCore.framework in Frameworks */ = {isa = PBXBuildFile; fileRef = 081F9AE2174C384E000A00A2 /* QuartzCore.framework */; };
		081F9AE6174C3F11000A00A2 /* UIViewUtil.m in Sources */ = {isa = PBXBuildFile; fileRef = 081F9AE5174C3F11000A00A2 /* UIViewUtil.m */; };
		085FBEA0177063C4003C7A25 /* navbar@2x.png in Resources */ = {isa = PBXBuildFile; fileRef = 085FBE9F177063C4003C7A25 /* navbar@2x.png */; };
		085FBEA317706AB0003C7A25 /* SettingsViewController.m in Sources */ = {isa = PBXBuildFile; fileRef = 085FBEA217706AB0003C7A25 /* SettingsViewController.m */; };
		085FBEA517707373003C7A25 /* whistle.m4a in Resources */ = {isa = PBXBuildFile; fileRef = 085FBEA417707373003C7A25 /* whistle.m4a */; };
		085FBEAD17709749003C7A25 /* SevenMinNavigationController.m in Sources */ = {isa = PBXBuildFile; fileRef = 085FBEAC17709749003C7A25 /* SevenMinNavigationController.m */; };
		085FBEB11770999A003C7A25 /* workout_icon@2x.png in Resources */ = {isa = PBXBuildFile; fileRef = 085FBEB01770999A003C7A25 /* workout_icon@2x.png */; };
		085FBEB317709EF9003C7A25 /* workout_icon_sel@2x.png in Resources */ = {isa = PBXBuildFile; fileRef = 085FBEB217709EF9003C7A25 /* workout_icon_sel@2x.png */; };
		085FBEB51770A0AA003C7A25 /* settings_icon_sel@2x.png in Resources */ = {isa = PBXBuildFile; fileRef = 085FBEB41770A0AA003C7A25 /* settings_icon_sel@2x.png */; };
		085FBEB717712DFB003C7A25 /* about_icon_sel@2x.png in Resources */ = {isa = PBXBuildFile; fileRef = 085FBEB617712DFB003C7A25 /* about_icon_sel@2x.png */; };
		085FBEBB1771303F003C7A25 /* settings_btn@2x.png in Resources */ = {isa = PBXBuildFile; fileRef = 085FBEBA1771303E003C7A25 /* settings_btn@2x.png */; };
		085FBEBE177133E0003C7A25 /* SwitchCell.m in Sources */ = {isa = PBXBuildFile; fileRef = 085FBEBD177133DF003C7A25 /* SwitchCell.m */; };
		085FBEC1177133F1003C7A25 /* ButtonCell.m in Sources */ = {isa = PBXBuildFile; fileRef = 085FBEC0177133F0003C7A25 /* ButtonCell.m */; };
		085FBEC417713738003C7A25 /* SettingsUtil.m in Sources */ = {isa = PBXBuildFile; fileRef = 085FBEC317713737003C7A25 /* SettingsUtil.m */; };
		085FBEC717713C77003C7A25 /* clock_tick.m4a in Resources */ = {isa = PBXBuildFile; fileRef = 085FBEC617713C77003C7A25 /* clock_tick.m4a */; };
		085FBEC917718A21003C7A25 /* records_icon_sel@2x.png in Resources */ = {isa = PBXBuildFile; fileRef = 085FBEC817718A21003C7A25 /* records_icon_sel@2x.png */; };
		085FBECC17718F1B003C7A25 /* UIViewController+MenuContainer.m in Sources */ = {isa = PBXBuildFile; fileRef = 085FBECB17718F1B003C7A25 /* UIViewController+MenuContainer.m */; };
		085FBEE1177315A7003C7A25 /* settings_icon_sel.png in Resources */ = {isa = PBXBuildFile; fileRef = 085FBEDD177315A7003C7A25 /* settings_icon_sel.png */; };
		085FBEE2177315A7003C7A25 /* settings_btn.png in Resources */ = {isa = PBXBuildFile; fileRef = 085FBEDE177315A7003C7A25 /* settings_btn.png */; };
		085FBEE3177315A7003C7A25 /* records_icon.png in Resources */ = {isa = PBXBuildFile; fileRef = 085FBEDF177315A7003C7A25 /* records_icon.png */; };
		085FBEE4177315A7003C7A25 /* records_icon_sel.png in Resources */ = {isa = PBXBuildFile; fileRef = 085FBEE0177315A7003C7A25 /* records_icon_sel.png */; };
		085FBEE7177315DF003C7A25 /* about_icon.png in Resources */ = {isa = PBXBuildFile; fileRef = 085FBEE5177315DF003C7A25 /* about_icon.png */; };
		085FBEE8177315DF003C7A25 /* about_icon_sel.png in Resources */ = {isa = PBXBuildFile; fileRef = 085FBEE6177315DF003C7A25 /* about_icon_sel.png */; };
		085FBEEB17731613003C7A25 /* workout_icon.png in Resources */ = {isa = PBXBuildFile; fileRef = 085FBEE917731613003C7A25 /* workout_icon.png */; };
		085FBEEC17731613003C7A25 /* workout_icon_sel.png in Resources */ = {isa = PBXBuildFile; fileRef = 085FBEEA17731613003C7A25 /* workout_icon_sel.png */; };
		08A89C1A176EF1F000A80266 /* SoundMgr.m in Sources */ = {isa = PBXBuildFile; fileRef = 08A89C19176EF1F000A80266 /* SoundMgr.m */; };
		08A89C1E176EF2B600A80266 /* AVFoundation.framework in Frameworks */ = {isa = PBXBuildFile; fileRef = 08A89C1D176EF2B600A80266 /* AVFoundation.framework */; };
		08A89C3117704FC700A80266 /* settings_icon@2x.png in Resources */ = {isa = PBXBuildFile; fileRef = 08A89C3017704FC700A80266 /* settings_icon@2x.png */; };
		08A89C351770507100A80266 /* records_icon@2x.png in Resources */ = {isa = PBXBuildFile; fileRef = 08A89C341770507100A80266 /* records_icon@2x.png */; };
		08A89C391770510F00A80266 /* about_icon@2x.png in Resources */ = {isa = PBXBuildFile; fileRef = 08A89C381770510F00A80266 /* about_icon@2x.png */; };
		08A89C3B17705A5500A80266 /* MainStoryboard.storyboard in Resources */ = {isa = PBXBuildFile; fileRef = 08A89C3A17705A5100A80266 /* MainStoryboard.storyboard */; };
		08A89C3E17705B8700A80266 /* SideMenuViewController.m in Sources */ = {isa = PBXBuildFile; fileRef = 08A89C3D17705B8500A80266 /* SideMenuViewController.m */; };
		08B35CB217A8E4A000F293CE /* ex12@2x.png in Resources */ = {isa = PBXBuildFile; fileRef = 08B35CA417A8E4A000F293CE /* ex12@2x.png */; };
		08B35CB317A8E4A000F293CE /* ex11@2x.png in Resources */ = {isa = PBXBuildFile; fileRef = 08B35CA517A8E4A000F293CE /* ex11@2x.png */; };
		08B35CB417A8E4A000F293CE /* ex10@2x.png in Resources */ = {isa = PBXBuildFile; fileRef = 08B35CA617A8E4A000F293CE /* ex10@2x.png */; };
		08B35CB617A8E4A000F293CE /* ex9@2x.png in Resources */ = {isa = PBXBuildFile; fileRef = 08B35CA817A8E4A000F293CE /* ex9@2x.png */; };
		08B35CB717A8E4A000F293CE /* icon.png in Resources */ = {isa = PBXBuildFile; fileRef = 08B35CA917A8E4A000F293CE /* icon.png */; };
		08B35CB817A8E4A000F293CE /* icon@2x.png in Resources */ = {isa = PBXBuildFile; fileRef = 08B35CAA17A8E4A000F293CE /* icon@2x.png */; };
		08B35CB917A8E4A000F293CE /* ex8@2x.png in Resources */ = {isa = PBXBuildFile; fileRef = 08B35CAB17A8E4A000F293CE /* ex8@2x.png */; };
		08B35CBA17A8E4A000F293CE /* ex7@2x.png in Resources */ = {isa = PBXBuildFile; fileRef = 08B35CAC17A8E4A000F293CE /* ex7@2x.png */; };
		08B35CBB17A8E4A000F293CE /* ex6@2x.png in Resources */ = {isa = PBXBuildFile; fileRef = 08B35CAD17A8E4A000F293CE /* ex6@2x.png */; };
		08B35CBC17A8E4A000F293CE /* ex5@2x.png in Resources */ = {isa = PBXBuildFile; fileRef = 08B35CAE17A8E4A000F293CE /* ex5@2x.png */; };
		08B35CBD17A8E4A000F293CE /* ex4@2x.png in Resources */ = {isa = PBXBuildFile; fileRef = 08B35CAF17A8E4A000F293CE /* ex4@2x.png */; };
		08B35CBE17A8E4A000F293CE /* ex2@2x.png in Resources */ = {isa = PBXBuildFile; fileRef = 08B35CB017A8E4A000F293CE /* ex2@2x.png */; };
		08B35CBF17A8E4A000F293CE /* ex3@2x.png in Resources */ = {isa = PBXBuildFile; fileRef = 08B35CB117A8E4A000F293CE /* ex3@2x.png */; };
		08B35CC117A8E59B00F293CE /* ex1@2x.png in Resources */ = {isa = PBXBuildFile; fileRef = 08B35CC017A8E59B00F293CE /* ex1@2x.png */; };
		08C200A817477575000D5408 /* UIKit.framework in Frameworks */ = {isa = PBXBuildFile; fileRef = 08C200A717477575000D5408 /* UIKit.framework */; };
		08C200AA17477575000D5408 /* Foundation.framework in Frameworks */ = {isa = PBXBuildFile; fileRef = 08C200A917477575000D5408 /* Foundation.framework */; };
		08C200AC17477575000D5408 /* CoreGraphics.framework in Frameworks */ = {isa = PBXBuildFile; fileRef = 08C200AB17477575000D5408 /* CoreGraphics.framework */; };
		08C200B217477575000D5408 /* InfoPlist.strings in Resources */ = {isa = PBXBuildFile; fileRef = 08C200B017477575000D5408 /* InfoPlist.strings */; };
		08C200B417477575000D5408 /* main.m in Sources */ = {isa = PBXBuildFile; fileRef = 08C200B317477575000D5408 /* main.m */; };
		08C200B817477575000D5408 /* AppDelegate.m in Sources */ = {isa = PBXBuildFile; fileRef = 08C200B717477575000D5408 /* AppDelegate.m */; };
		08C200BA17477575000D5408 /* Default.png in Resources */ = {isa = PBXBuildFile; fileRef = 08C200B917477575000D5408 /* Default.png */; };
		08C200BC17477575000D5408 /* Default@2x.png in Resources */ = {isa = PBXBuildFile; fileRef = 08C200BB17477575000D5408 /* Default@2x.png */; };
		08C200BE17477576000D5408 /* Default-568h@2x.png in Resources */ = {isa = PBXBuildFile; fileRef = 08C200BD17477576000D5408 /* Default-568h@2x.png */; };
		08C200CC17477576000D5408 /* SenTestingKit.framework in Frameworks */ = {isa = PBXBuildFile; fileRef = 08C200CB17477576000D5408 /* SenTestingKit.framework */; };
		08C200CD17477576000D5408 /* UIKit.framework in Frameworks */ = {isa = PBXBuildFile; fileRef = 08C200A717477575000D5408 /* UIKit.framework */; };
		08C200CE17477576000D5408 /* Foundation.framework in Frameworks */ = {isa = PBXBuildFile; fileRef = 08C200A917477575000D5408 /* Foundation.framework */; };
		08C200D617477576000D5408 /* InfoPlist.strings in Resources */ = {isa = PBXBuildFile; fileRef = 08C200D417477576000D5408 /* InfoPlist.strings */; };
		08C200D917477576000D5408 /* sevenmin_appTests.m in Sources */ = {isa = PBXBuildFile; fileRef = 08C200D817477576000D5408 /* sevenmin_appTests.m */; };
		08C200E8174872F4000D5408 /* ex1.png in Resources */ = {isa = PBXBuildFile; fileRef = 08C200E5174872F4000D5408 /* ex1.png */; };
		08C200E9174872F4000D5408 /* ex2.png in Resources */ = {isa = PBXBuildFile; fileRef = 08C200E6174872F4000D5408 /* ex2.png */; };
		08C200EA174872F4000D5408 /* ex3.png in Resources */ = {isa = PBXBuildFile; fileRef = 08C200E7174872F4000D5408 /* ex3.png */; };
		08C200EC1748730F000D5408 /* clock.png in Resources */ = {isa = PBXBuildFile; fileRef = 08C200EB1748730F000D5408 /* clock.png */; };
		08C200F217487689000D5408 /* clock@2x.png in Resources */ = {isa = PBXBuildFile; fileRef = 08C200F117487689000D5408 /* clock@2x.png */; };
		08CA974E17487FD5003A37EE /* MainViewController.m in Sources */ = {isa = PBXBuildFile; fileRef = 08CA974A17487E0D003A37EE /* MainViewController.m */; };
		08CA975217488721003A37EE /* list_icon.png in Resources */ = {isa = PBXBuildFile; fileRef = 08CA975117488721003A37EE /* list_icon.png */; };
		08CA975C1748A149003A37EE /* WorkoutSession.m in Sources */ = {isa = PBXBuildFile; fileRef = 08CA975B1748A149003A37EE /* WorkoutSession.m */; };
		08CA97671748A88B003A37EE /* PickerView.xib in Resources */ = {isa = PBXBuildFile; fileRef = 08CA97661748A88B003A37EE /* PickerView.xib */; };
		08CA976A1748A8FE003A37EE /* PickerView.m in Sources */ = {isa = PBXBuildFile; fileRef = 08CA97691748A8FE003A37EE /* PickerView.m */; };
		08D8364917A41D110068244A /* icon.png in Resources */ = {isa = PBXBuildFile; fileRef = 08D8364817A41D110068244A /* icon.png */; };
		08D8364B17A41D170068244A /* icon@2x.png in Resources */ = {isa = PBXBuildFile; fileRef = 08D8364A17A41D170068244A /* icon@2x.png */; };
		08DBD461174B60EF000A297D /* PauseOverlayView.m in Sources */ = {isa = PBXBuildFile; fileRef = 08DBD460174B60EF000A297D /* PauseOverlayView.m */; };
		08DBD464174B62B2000A297D /* TimerMgr.m in Sources */ = {isa = PBXBuildFile; fileRef = 08DBD463174B62B1000A297D /* TimerMgr.m */; };
		08DBD46C174B6D4C000A297D /* WorkoutView.xib in Resources */ = {isa = PBXBuildFile; fileRef = 08DBD46B174B6D4C000A297D /* WorkoutView.xib */; };
		08DBD46F174B6D83000A297D /* WorkoutView.m in Sources */ = {isa = PBXBuildFile; fileRef = 08DBD46E174B6D83000A297D /* WorkoutView.m */; };
		08DBD475174B95D6000A297D /* OverlayView.xib in Resources */ = {isa = PBXBuildFile; fileRef = 08DBD474174B95D5000A297D /* OverlayView.xib */; };
		08DBD478174B9781000A297D /* StartOverlayView.m in Sources */ = {isa = PBXBuildFile; fileRef = 08DBD477174B9780000A297D /* StartOverlayView.m */; };
		08DBD482174B9E8A000A297D /* ex12.png in Resources */ = {isa = PBXBuildFile; fileRef = 08DBD479174B9E88000A297D /* ex12.png */; };
		08DBD483174B9E8A000A297D /* ex11.png in Resources */ = {isa = PBXBuildFile; fileRef = 08DBD47A174B9E88000A297D /* ex11.png */; };
		08DBD484174B9E8A000A297D /* ex10.png in Resources */ = {isa = PBXBuildFile; fileRef = 08DBD47B174B9E89000A297D /* ex10.png */; };
		08DBD485174B9E8A000A297D /* ex9.png in Resources */ = {isa = PBXBuildFile; fileRef = 08DBD47C174B9E89000A297D /* ex9.png */; };
		08DBD486174B9E8A000A297D /* ex8.png in Resources */ = {isa = PBXBuildFile; fileRef = 08DBD47D174B9E89000A297D /* ex8.png */; };
		08DBD487174B9E8A000A297D /* ex7.png in Resources */ = {isa = PBXBuildFile; fileRef = 08DBD47E174B9E89000A297D /* ex7.png */; };
		08DBD488174B9E8A000A297D /* ex6.png in Resources */ = {isa = PBXBuildFile; fileRef = 08DBD47F174B9E89000A297D /* ex6.png */; };
		08DBD489174B9E8A000A297D /* ex5.png in Resources */ = {isa = PBXBuildFile; fileRef = 08DBD480174B9E89000A297D /* ex5.png */; };
		08DBD48A174B9E8A000A297D /* ex4.png in Resources */ = {isa = PBXBuildFile; fileRef = 08DBD481174B9E8A000A297D /* ex4.png */; };
		08DBD48F174B9EB9000A297D /* start_button.png in Resources */ = {isa = PBXBuildFile; fileRef = 08DBD48B174B9EB9000A297D /* start_button.png */; };
		08DBD490174B9EB9000A297D /* start_button@2x.png in Resources */ = {isa = PBXBuildFile; fileRef = 08DBD48C174B9EB9000A297D /* start_button@2x.png */; };
		08DBD491174B9EB9000A297D /* stop_button.png in Resources */ = {isa = PBXBuildFile; fileRef = 08DBD48D174B9EB9000A297D /* stop_button.png */; };
		08DBD492174B9EB9000A297D /* stop_button@2x.png in Resources */ = {isa = PBXBuildFile; fileRef = 08DBD48E174B9EB9000A297D /* stop_button@2x.png */; };
		6C7956842B9C4FEFAA46901C /* libPods.a in Frameworks */ = {isa = PBXBuildFile; fileRef = F24D9D953C4C4EAEB2B682A6 /* libPods.a */; };
/* End PBXBuildFile section */

/* Begin PBXContainerItemProxy section */
		08C200CF17477576000D5408 /* PBXContainerItemProxy */ = {
			isa = PBXContainerItemProxy;
			containerPortal = 08C2009C17477575000D5408 /* Project object */;
			proxyType = 1;
			remoteGlobalIDString = 08C200A317477575000D5408;
			remoteInfo = "sevenmin-app";
		};
/* End PBXContainerItemProxy section */

/* Begin PBXFileReference section */
		08046B57174994C600F3324D /* UIView+Position.h */ = {isa = PBXFileReference; fileEncoding = 4; lastKnownFileType = sourcecode.c.h; path = "UIView+Position.h"; sourceTree = "<group>"; };
		08046B58174994C600F3324D /* UIView+Position.m */ = {isa = PBXFileReference; fileEncoding = 4; lastKnownFileType = sourcecode.c.objc; path = "UIView+Position.m"; sourceTree = "<group>"; };
		081F9AE2174C384E000A00A2 /* QuartzCore.framework */ = {isa = PBXFileReference; lastKnownFileType = wrapper.framework; name = QuartzCore.framework; path = System/Library/Frameworks/QuartzCore.framework; sourceTree = SDKROOT; };
		081F9AE4174C3F11000A00A2 /* UIViewUtil.h */ = {isa = PBXFileReference; fileEncoding = 4; lastKnownFileType = sourcecode.c.h; path = UIViewUtil.h; sourceTree = "<group>"; };
		081F9AE5174C3F11000A00A2 /* UIViewUtil.m */ = {isa = PBXFileReference; fileEncoding = 4; lastKnownFileType = sourcecode.c.objc; path = UIViewUtil.m; sourceTree = "<group>"; };
		085FBE9F177063C4003C7A25 /* navbar@2x.png */ = {isa = PBXFileReference; lastKnownFileType = image.png; path = "navbar@2x.png"; sourceTree = "<group>"; };
		085FBEA117706AB0003C7A25 /* SettingsViewController.h */ = {isa = PBXFileReference; fileEncoding = 4; lastKnownFileType = sourcecode.c.h; path = SettingsViewController.h; sourceTree = "<group>"; };
		085FBEA217706AB0003C7A25 /* SettingsViewController.m */ = {isa = PBXFileReference; fileEncoding = 4; lastKnownFileType = sourcecode.c.objc; path = SettingsViewController.m; sourceTree = "<group>"; };
		085FBEA417707373003C7A25 /* whistle.m4a */ = {isa = PBXFileReference; lastKnownFileType = file; path = whistle.m4a; sourceTree = "<group>"; };
		085FBEAB17709749003C7A25 /* SevenMinNavigationController.h */ = {isa = PBXFileReference; fileEncoding = 4; lastKnownFileType = sourcecode.c.h; path = SevenMinNavigationController.h; sourceTree = "<group>"; };
		085FBEAC17709749003C7A25 /* SevenMinNavigationController.m */ = {isa = PBXFileReference; fileEncoding = 4; lastKnownFileType = sourcecode.c.objc; path = SevenMinNavigationController.m; sourceTree = "<group>"; };
		085FBEB01770999A003C7A25 /* workout_icon@2x.png */ = {isa = PBXFileReference; lastKnownFileType = image.png; path = "workout_icon@2x.png"; sourceTree = "<group>"; };
		085FBEB217709EF9003C7A25 /* workout_icon_sel@2x.png */ = {isa = PBXFileReference; lastKnownFileType = image.png; path = "workout_icon_sel@2x.png"; sourceTree = "<group>"; };
		085FBEB41770A0AA003C7A25 /* settings_icon_sel@2x.png */ = {isa = PBXFileReference; lastKnownFileType = image.png; path = "settings_icon_sel@2x.png"; sourceTree = "<group>"; };
		085FBEB617712DFB003C7A25 /* about_icon_sel@2x.png */ = {isa = PBXFileReference; lastKnownFileType = image.png; path = "about_icon_sel@2x.png"; sourceTree = "<group>"; };
		085FBEBA1771303E003C7A25 /* settings_btn@2x.png */ = {isa = PBXFileReference; lastKnownFileType = image.png; path = "settings_btn@2x.png"; sourceTree = "<group>"; };
		085FBEBC177133DF003C7A25 /* SwitchCell.h */ = {isa = PBXFileReference; fileEncoding = 4; lastKnownFileType = sourcecode.c.h; path = SwitchCell.h; sourceTree = "<group>"; };
		085FBEBD177133DF003C7A25 /* SwitchCell.m */ = {isa = PBXFileReference; fileEncoding = 4; lastKnownFileType = sourcecode.c.objc; path = SwitchCell.m; sourceTree = "<group>"; };
		085FBEBF177133F0003C7A25 /* ButtonCell.h */ = {isa = PBXFileReference; fileEncoding = 4; lastKnownFileType = sourcecode.c.h; path = ButtonCell.h; sourceTree = "<group>"; };
		085FBEC0177133F0003C7A25 /* ButtonCell.m */ = {isa = PBXFileReference; fileEncoding = 4; lastKnownFileType = sourcecode.c.objc; path = ButtonCell.m; sourceTree = "<group>"; };
		085FBEC217713737003C7A25 /* SettingsUtil.h */ = {isa = PBXFileReference; fileEncoding = 4; lastKnownFileType = sourcecode.c.h; path = SettingsUtil.h; sourceTree = "<group>"; };
		085FBEC317713737003C7A25 /* SettingsUtil.m */ = {isa = PBXFileReference; fileEncoding = 4; lastKnownFileType = sourcecode.c.objc; path = SettingsUtil.m; sourceTree = "<group>"; };
		085FBEC617713C77003C7A25 /* clock_tick.m4a */ = {isa = PBXFileReference; lastKnownFileType = file; path = clock_tick.m4a; sourceTree = "<group>"; };
		085FBEC817718A21003C7A25 /* records_icon_sel@2x.png */ = {isa = PBXFileReference; lastKnownFileType = image.png; path = "records_icon_sel@2x.png"; sourceTree = "<group>"; };
		085FBECA17718F1A003C7A25 /* UIViewController+MenuContainer.h */ = {isa = PBXFileReference; fileEncoding = 4; lastKnownFileType = sourcecode.c.h; path = "UIViewController+MenuContainer.h"; sourceTree = "<group>"; };
		085FBECB17718F1B003C7A25 /* UIViewController+MenuContainer.m */ = {isa = PBXFileReference; fileEncoding = 4; lastKnownFileType = sourcecode.c.objc; path = "UIViewController+MenuContainer.m"; sourceTree = "<group>"; };
		085FBEDD177315A7003C7A25 /* settings_icon_sel.png */ = {isa = PBXFileReference; lastKnownFileType = image.png; path = settings_icon_sel.png; sourceTree = "<group>"; };
		085FBEDE177315A7003C7A25 /* settings_btn.png */ = {isa = PBXFileReference; lastKnownFileType = image.png; path = settings_btn.png; sourceTree = "<group>"; };
		085FBEDF177315A7003C7A25 /* records_icon.png */ = {isa = PBXFileReference; lastKnownFileType = image.png; path = records_icon.png; sourceTree = "<group>"; };
		085FBEE0177315A7003C7A25 /* records_icon_sel.png */ = {isa = PBXFileReference; lastKnownFileType = image.png; path = records_icon_sel.png; sourceTree = "<group>"; };
		085FBEE5177315DF003C7A25 /* about_icon.png */ = {isa = PBXFileReference; lastKnownFileType = image.png; path = about_icon.png; sourceTree = "<group>"; };
		085FBEE6177315DF003C7A25 /* about_icon_sel.png */ = {isa = PBXFileReference; lastKnownFileType = image.png; path = about_icon_sel.png; sourceTree = "<group>"; };
		085FBEE917731613003C7A25 /* workout_icon.png */ = {isa = PBXFileReference; lastKnownFileType = image.png; path = workout_icon.png; sourceTree = "<group>"; };
		085FBEEA17731613003C7A25 /* workout_icon_sel.png */ = {isa = PBXFileReference; lastKnownFileType = image.png; path = workout_icon_sel.png; sourceTree = "<group>"; };
		08A89C18176EF1F000A80266 /* SoundMgr.h */ = {isa = PBXFileReference; fileEncoding = 4; lastKnownFileType = sourcecode.c.h; path = SoundMgr.h; sourceTree = "<group>"; };
		08A89C19176EF1F000A80266 /* SoundMgr.m */ = {isa = PBXFileReference; fileEncoding = 4; lastKnownFileType = sourcecode.c.objc; path = SoundMgr.m; sourceTree = "<group>"; };
		08A89C1D176EF2B600A80266 /* AVFoundation.framework */ = {isa = PBXFileReference; lastKnownFileType = wrapper.framework; name = AVFoundation.framework; path = System/Library/Frameworks/AVFoundation.framework; sourceTree = SDKROOT; };
		08A89C3017704FC700A80266 /* settings_icon@2x.png */ = {isa = PBXFileReference; lastKnownFileType = image.png; path = "settings_icon@2x.png"; sourceTree = "<group>"; };
		08A89C341770507100A80266 /* records_icon@2x.png */ = {isa = PBXFileReference; lastKnownFileType = image.png; path = "records_icon@2x.png"; sourceTree = "<group>"; };
		08A89C381770510F00A80266 /* about_icon@2x.png */ = {isa = PBXFileReference; lastKnownFileType = image.png; path = "about_icon@2x.png"; sourceTree = "<group>"; };
		08A89C3A17705A5100A80266 /* MainStoryboard.storyboard */ = {isa = PBXFileReference; fileEncoding = 4; lastKnownFileType = file.storyboard; path = MainStoryboard.storyboard; sourceTree = "<group>"; };
		08A89C3C17705B8300A80266 /* SideMenuViewController.h */ = {isa = PBXFileReference; fileEncoding = 4; lastKnownFileType = sourcecode.c.h; path = SideMenuViewController.h; sourceTree = "<group>"; };
		08A89C3D17705B8500A80266 /* SideMenuViewController.m */ = {isa = PBXFileReference; fileEncoding = 4; lastKnownFileType = sourcecode.c.objc; path = SideMenuViewController.m; sourceTree = "<group>"; };
		08B35CA417A8E4A000F293CE /* ex12@2x.png */ = {isa = PBXFileReference; lastKnownFileType = image.png; name = "ex12@2x.png"; path = "resources/ex12@2x.png"; sourceTree = "<group>"; };
		08B35CA517A8E4A000F293CE /* ex11@2x.png */ = {isa = PBXFileReference; lastKnownFileType = image.png; name = "ex11@2x.png"; path = "resources/ex11@2x.png"; sourceTree = "<group>"; };
		08B35CA617A8E4A000F293CE /* ex10@2x.png */ = {isa = PBXFileReference; lastKnownFileType = image.png; name = "ex10@2x.png"; path = "resources/ex10@2x.png"; sourceTree = "<group>"; };
		08B35CA817A8E4A000F293CE /* ex9@2x.png */ = {isa = PBXFileReference; lastKnownFileType = image.png; name = "ex9@2x.png"; path = "resources/ex9@2x.png"; sourceTree = "<group>"; };
		08B35CA917A8E4A000F293CE /* icon.png */ = {isa = PBXFileReference; lastKnownFileType = image.png; name = icon.png; path = resources/icon.png; sourceTree = "<group>"; };
		08B35CAA17A8E4A000F293CE /* icon@2x.png */ = {isa = PBXFileReference; lastKnownFileType = image.png; name = "icon@2x.png"; path = "resources/icon@2x.png"; sourceTree = "<group>"; };
		08B35CAB17A8E4A000F293CE /* ex8@2x.png */ = {isa = PBXFileReference; lastKnownFileType = image.png; name = "ex8@2x.png"; path = "resources/ex8@2x.png"; sourceTree = "<group>"; };
		08B35CAC17A8E4A000F293CE /* ex7@2x.png */ = {isa = PBXFileReference; lastKnownFileType = image.png; name = "ex7@2x.png"; path = "resources/ex7@2x.png"; sourceTree = "<group>"; };
		08B35CAD17A8E4A000F293CE /* ex6@2x.png */ = {isa = PBXFileReference; lastKnownFileType = image.png; name = "ex6@2x.png"; path = "resources/ex6@2x.png"; sourceTree = "<group>"; };
		08B35CAE17A8E4A000F293CE /* ex5@2x.png */ = {isa = PBXFileReference; lastKnownFileType = image.png; name = "ex5@2x.png"; path = "resources/ex5@2x.png"; sourceTree = "<group>"; };
		08B35CAF17A8E4A000F293CE /* ex4@2x.png */ = {isa = PBXFileReference; lastKnownFileType = image.png; name = "ex4@2x.png"; path = "resources/ex4@2x.png"; sourceTree = "<group>"; };
		08B35CB017A8E4A000F293CE /* ex2@2x.png */ = {isa = PBXFileReference; lastKnownFileType = image.png; name = "ex2@2x.png"; path = "resources/ex2@2x.png"; sourceTree = "<group>"; };
		08B35CB117A8E4A000F293CE /* ex3@2x.png */ = {isa = PBXFileReference; lastKnownFileType = image.png; name = "ex3@2x.png"; path = "resources/ex3@2x.png"; sourceTree = "<group>"; };
		08B35CC017A8E59B00F293CE /* ex1@2x.png */ = {isa = PBXFileReference; lastKnownFileType = image.png; name = "ex1@2x.png"; path = "resources/ex1@2x.png"; sourceTree = "<group>"; };
		08C200A417477575000D5408 /* SevenMinute.app */ = {isa = PBXFileReference; explicitFileType = wrapper.application; includeInIndex = 0; path = SevenMinute.app; sourceTree = BUILT_PRODUCTS_DIR; };
		08C200A717477575000D5408 /* UIKit.framework */ = {isa = PBXFileReference; lastKnownFileType = wrapper.framework; name = UIKit.framework; path = System/Library/Frameworks/UIKit.framework; sourceTree = SDKROOT; };
		08C200A917477575000D5408 /* Foundation.framework */ = {isa = PBXFileReference; lastKnownFileType = wrapper.framework; name = Foundation.framework; path = System/Library/Frameworks/Foundation.framework; sourceTree = SDKROOT; };
		08C200AB17477575000D5408 /* CoreGraphics.framework */ = {isa = PBXFileReference; lastKnownFileType = wrapper.framework; name = CoreGraphics.framework; path = System/Library/Frameworks/CoreGraphics.framework; sourceTree = SDKROOT; };
		08C200AF17477575000D5408 /* sevenmin-app-Info.plist */ = {isa = PBXFileReference; lastKnownFileType = text.plist.xml; path = "sevenmin-app-Info.plist"; sourceTree = "<group>"; };
		08C200B117477575000D5408 /* en */ = {isa = PBXFileReference; lastKnownFileType = text.plist.strings; name = en; path = en.lproj/InfoPlist.strings; sourceTree = "<group>"; };
		08C200B317477575000D5408 /* main.m */ = {isa = PBXFileReference; lastKnownFileType = sourcecode.c.objc; path = main.m; sourceTree = "<group>"; };
		08C200B517477575000D5408 /* sevenmin-app-Prefix.pch */ = {isa = PBXFileReference; lastKnownFileType = sourcecode.c.h; path = "sevenmin-app-Prefix.pch"; sourceTree = "<group>"; };
		08C200B617477575000D5408 /* AppDelegate.h */ = {isa = PBXFileReference; lastKnownFileType = sourcecode.c.h; path = AppDelegate.h; sourceTree = "<group>"; };
		08C200B717477575000D5408 /* AppDelegate.m */ = {isa = PBXFileReference; lastKnownFileType = sourcecode.c.objc; path = AppDelegate.m; sourceTree = "<group>"; };
		08C200B917477575000D5408 /* Default.png */ = {isa = PBXFileReference; lastKnownFileType = image.png; path = Default.png; sourceTree = "<group>"; };
		08C200BB17477575000D5408 /* Default@2x.png */ = {isa = PBXFileReference; lastKnownFileType = image.png; path = "Default@2x.png"; sourceTree = "<group>"; };
		08C200BD17477576000D5408 /* Default-568h@2x.png */ = {isa = PBXFileReference; lastKnownFileType = image.png; path = "Default-568h@2x.png"; sourceTree = "<group>"; };
		08C200CA17477576000D5408 /* sevenmin-appTests.octest */ = {isa = PBXFileReference; explicitFileType = wrapper.cfbundle; includeInIndex = 0; path = "sevenmin-appTests.octest"; sourceTree = BUILT_PRODUCTS_DIR; };
		08C200CB17477576000D5408 /* SenTestingKit.framework */ = {isa = PBXFileReference; lastKnownFileType = wrapper.framework; name = SenTestingKit.framework; path = Library/Frameworks/SenTestingKit.framework; sourceTree = DEVELOPER_DIR; };
		08C200D317477576000D5408 /* sevenmin-appTests-Info.plist */ = {isa = PBXFileReference; lastKnownFileType = text.plist.xml; path = "sevenmin-appTests-Info.plist"; sourceTree = "<group>"; };
		08C200D517477576000D5408 /* en */ = {isa = PBXFileReference; lastKnownFileType = text.plist.strings; name = en; path = en.lproj/InfoPlist.strings; sourceTree = "<group>"; };
		08C200D717477576000D5408 /* sevenmin_appTests.h */ = {isa = PBXFileReference; lastKnownFileType = sourcecode.c.h; path = sevenmin_appTests.h; sourceTree = "<group>"; };
		08C200D817477576000D5408 /* sevenmin_appTests.m */ = {isa = PBXFileReference; lastKnownFileType = sourcecode.c.objc; path = sevenmin_appTests.m; sourceTree = "<group>"; };
		08C200E5174872F4000D5408 /* ex1.png */ = {isa = PBXFileReference; lastKnownFileType = image.png; name = ex1.png; path = resources/ex1.png; sourceTree = "<group>"; };
		08C200E6174872F4000D5408 /* ex2.png */ = {isa = PBXFileReference; lastKnownFileType = image.png; name = ex2.png; path = resources/ex2.png; sourceTree = "<group>"; };
		08C200E7174872F4000D5408 /* ex3.png */ = {isa = PBXFileReference; lastKnownFileType = image.png; name = ex3.png; path = resources/ex3.png; sourceTree = "<group>"; };
		08C200EB1748730F000D5408 /* clock.png */ = {isa = PBXFileReference; lastKnownFileType = image.png; path = clock.png; sourceTree = "<group>"; };
		08C200F117487689000D5408 /* clock@2x.png */ = {isa = PBXFileReference; lastKnownFileType = image.png; path = "clock@2x.png"; sourceTree = "<group>"; };
		08CA974917487E0D003A37EE /* MainViewController.h */ = {isa = PBXFileReference; fileEncoding = 4; lastKnownFileType = sourcecode.c.h; path = MainViewController.h; sourceTree = "<group>"; };
		08CA974A17487E0D003A37EE /* MainViewController.m */ = {isa = PBXFileReference; fileEncoding = 4; lastKnownFileType = sourcecode.c.objc; path = MainViewController.m; sourceTree = "<group>"; };
		08CA975117488721003A37EE /* list_icon.png */ = {isa = PBXFileReference; lastKnownFileType = image.png; path = list_icon.png; sourceTree = "<group>"; };
		08CA975A1748A149003A37EE /* WorkoutSession.h */ = {isa = PBXFileReference; fileEncoding = 4; lastKnownFileType = sourcecode.c.h; path = WorkoutSession.h; sourceTree = "<group>"; };
		08CA975B1748A149003A37EE /* WorkoutSession.m */ = {isa = PBXFileReference; fileEncoding = 4; lastKnownFileType = sourcecode.c.objc; path = WorkoutSession.m; sourceTree = "<group>"; };
		08CA97661748A88B003A37EE /* PickerView.xib */ = {isa = PBXFileReference; fileEncoding = 4; lastKnownFileType = file.xib; path = PickerView.xib; sourceTree = "<group>"; };
		08CA97681748A8FE003A37EE /* PickerView.h */ = {isa = PBXFileReference; fileEncoding = 4; lastKnownFileType = sourcecode.c.h; path = PickerView.h; sourceTree = "<group>"; };
		08CA97691748A8FE003A37EE /* PickerView.m */ = {isa = PBXFileReference; fileEncoding = 4; lastKnownFileType = sourcecode.c.objc; path = PickerView.m; sourceTree = "<group>"; };
		08D8364817A41D110068244A /* icon.png */ = {isa = PBXFileReference; lastKnownFileType = image.png; path = icon.png; sourceTree = "<group>"; };
		08D8364A17A41D170068244A /* icon@2x.png */ = {isa = PBXFileReference; lastKnownFileType = image.png; path = "icon@2x.png"; sourceTree = "<group>"; };
		08DBD45F174B60EF000A297D /* PauseOverlayView.h */ = {isa = PBXFileReference; fileEncoding = 4; lastKnownFileType = sourcecode.c.h; path = PauseOverlayView.h; sourceTree = "<group>"; };
		08DBD460174B60EF000A297D /* PauseOverlayView.m */ = {isa = PBXFileReference; fileEncoding = 4; lastKnownFileType = sourcecode.c.objc; path = PauseOverlayView.m; sourceTree = "<group>"; };
		08DBD462174B62B1000A297D /* TimerMgr.h */ = {isa = PBXFileReference; fileEncoding = 4; lastKnownFileType = sourcecode.c.h; path = TimerMgr.h; sourceTree = "<group>"; };
		08DBD463174B62B1000A297D /* TimerMgr.m */ = {isa = PBXFileReference; fileEncoding = 4; lastKnownFileType = sourcecode.c.objc; path = TimerMgr.m; sourceTree = "<group>"; };
		08DBD465174B68AE000A297D /* JTSingleton.h */ = {isa = PBXFileReference; fileEncoding = 4; lastKnownFileType = sourcecode.c.h; path = JTSingleton.h; sourceTree = "<group>"; };
		08DBD46B174B6D4C000A297D /* WorkoutView.xib */ = {isa = PBXFileReference; fileEncoding = 4; lastKnownFileType = file.xib; path = WorkoutView.xib; sourceTree = "<group>"; };
		08DBD46D174B6D82000A297D /* WorkoutView.h */ = {isa = PBXFileReference; fileEncoding = 4; lastKnownFileType = sourcecode.c.h; path = WorkoutView.h; sourceTree = "<group>"; };
		08DBD46E174B6D83000A297D /* WorkoutView.m */ = {isa = PBXFileReference; fileEncoding = 4; lastKnownFileType = sourcecode.c.objc; path = WorkoutView.m; sourceTree = "<group>"; };
		08DBD474174B95D5000A297D /* OverlayView.xib */ = {isa = PBXFileReference; fileEncoding = 4; lastKnownFileType = file.xib; path = OverlayView.xib; sourceTree = "<group>"; };
		08DBD476174B9780000A297D /* StartOverlayView.h */ = {isa = PBXFileReference; fileEncoding = 4; lastKnownFileType = sourcecode.c.h; path = StartOverlayView.h; sourceTree = "<group>"; };
		08DBD477174B9780000A297D /* StartOverlayView.m */ = {isa = PBXFileReference; fileEncoding = 4; lastKnownFileType = sourcecode.c.objc; path = StartOverlayView.m; sourceTree = "<group>"; };
		08DBD479174B9E88000A297D /* ex12.png */ = {isa = PBXFileReference; lastKnownFileType = image.png; name = ex12.png; path = resources/ex12.png; sourceTree = "<group>"; };
		08DBD47A174B9E88000A297D /* ex11.png */ = {isa = PBXFileReference; lastKnownFileType = image.png; name = ex11.png; path = resources/ex11.png; sourceTree = "<group>"; };
		08DBD47B174B9E89000A297D /* ex10.png */ = {isa = PBXFileReference; lastKnownFileType = image.png; name = ex10.png; path = resources/ex10.png; sourceTree = "<group>"; };
		08DBD47C174B9E89000A297D /* ex9.png */ = {isa = PBXFileReference; lastKnownFileType = image.png; name = ex9.png; path = resources/ex9.png; sourceTree = "<group>"; };
		08DBD47D174B9E89000A297D /* ex8.png */ = {isa = PBXFileReference; lastKnownFileType = image.png; name = ex8.png; path = resources/ex8.png; sourceTree = "<group>"; };
		08DBD47E174B9E89000A297D /* ex7.png */ = {isa = PBXFileReference; lastKnownFileType = image.png; name = ex7.png; path = resources/ex7.png; sourceTree = "<group>"; };
		08DBD47F174B9E89000A297D /* ex6.png */ = {isa = PBXFileReference; lastKnownFileType = image.png; name = ex6.png; path = resources/ex6.png; sourceTree = "<group>"; };
		08DBD480174B9E89000A297D /* ex5.png */ = {isa = PBXFileReference; lastKnownFileType = image.png; name = ex5.png; path = resources/ex5.png; sourceTree = "<group>"; };
		08DBD481174B9E8A000A297D /* ex4.png */ = {isa = PBXFileReference; lastKnownFileType = image.png; name = ex4.png; path = resources/ex4.png; sourceTree = "<group>"; };
		08DBD48B174B9EB9000A297D /* start_button.png */ = {isa = PBXFileReference; lastKnownFileType = image.png; name = start_button.png; path = resources/start_button.png; sourceTree = "<group>"; };
		08DBD48C174B9EB9000A297D /* start_button@2x.png */ = {isa = PBXFileReference; lastKnownFileType = image.png; name = "start_button@2x.png"; path = "resources/start_button@2x.png"; sourceTree = "<group>"; };
		08DBD48D174B9EB9000A297D /* stop_button.png */ = {isa = PBXFileReference; lastKnownFileType = image.png; name = stop_button.png; path = resources/stop_button.png; sourceTree = "<group>"; };
		08DBD48E174B9EB9000A297D /* stop_button@2x.png */ = {isa = PBXFileReference; lastKnownFileType = image.png; name = "stop_button@2x.png"; path = "resources/stop_button@2x.png"; sourceTree = "<group>"; };
		883DD7538D6D4CF6BEE7553A /* Pods.xcconfig */ = {isa = PBXFileReference; includeInIndex = 1; lastKnownFileType = text.xcconfig; name = Pods.xcconfig; path = Pods/Pods.xcconfig; sourceTree = SOURCE_ROOT; };
		F24D9D953C4C4EAEB2B682A6 /* libPods.a */ = {isa = PBXFileReference; explicitFileType = archive.ar; includeInIndex = 0; path = libPods.a; sourceTree = BUILT_PRODUCTS_DIR; };
/* End PBXFileReference section */

/* Begin PBXFrameworksBuildPhase section */
		08C200A117477575000D5408 /* Frameworks */ = {
			isa = PBXFrameworksBuildPhase;
			buildActionMask = 2147483647;
			files = (
				08C200AA17477575000D5408 /* Foundation.framework in Frameworks */,
				08A89C1E176EF2B600A80266 /* AVFoundation.framework in Frameworks */,
				081F9AE3174C384E000A00A2 /* QuartzCore.framework in Frameworks */,
				08C200A817477575000D5408 /* UIKit.framework in Frameworks */,
				08C200AC17477575000D5408 /* CoreGraphics.framework in Frameworks */,
				6C7956842B9C4FEFAA46901C /* libPods.a in Frameworks */,
			);
			runOnlyForDeploymentPostprocessing = 0;
		};
		08C200C617477576000D5408 /* Frameworks */ = {
			isa = PBXFrameworksBuildPhase;
			buildActionMask = 2147483647;
			files = (
				08C200CC17477576000D5408 /* SenTestingKit.framework in Frameworks */,
				08C200CD17477576000D5408 /* UIKit.framework in Frameworks */,
				08C200CE17477576000D5408 /* Foundation.framework in Frameworks */,
			);
			runOnlyForDeploymentPostprocessing = 0;
		};
/* End PBXFrameworksBuildPhase section */

/* Begin PBXGroup section */
		085FBEC517713741003C7A25 /* Utils */ = {
			isa = PBXGroup;
			children = (
				08046B57174994C600F3324D /* UIView+Position.h */,
				08046B58174994C600F3324D /* UIView+Position.m */,
				08A89C18176EF1F000A80266 /* SoundMgr.h */,
				08A89C19176EF1F000A80266 /* SoundMgr.m */,
				08DBD465174B68AE000A297D /* JTSingleton.h */,
				081F9AE4174C3F11000A00A2 /* UIViewUtil.h */,
				081F9AE5174C3F11000A00A2 /* UIViewUtil.m */,
				085FBEC217713737003C7A25 /* SettingsUtil.h */,
				085FBEC317713737003C7A25 /* SettingsUtil.m */,
			);
			name = Utils;
			sourceTree = "<group>";
		};
		08A89C3F17705C2000A80266 /* UI Files */ = {
			isa = PBXGroup;
			children = (
				08CA97661748A88B003A37EE /* PickerView.xib */,
				08DBD474174B95D5000A297D /* OverlayView.xib */,
				08DBD46B174B6D4C000A297D /* WorkoutView.xib */,
				08A89C3A17705A5100A80266 /* MainStoryboard.storyboard */,
			);
			name = "UI Files";
			sourceTree = "<group>";
		};
		08C2009B17477575000D5408 = {
			isa = PBXGroup;
			children = (
				08D8364A17A41D170068244A /* icon@2x.png */,
				08D8364817A41D110068244A /* icon.png */,
				08C200AD17477575000D5408 /* sevenmin-app */,
				08C200D117477576000D5408 /* sevenmin-appTests */,
				08C200A617477575000D5408 /* Frameworks */,
				08C200A517477575000D5408 /* Products */,
				883DD7538D6D4CF6BEE7553A /* Pods.xcconfig */,
			);
			sourceTree = "<group>";
		};
		08C200A517477575000D5408 /* Products */ = {
			isa = PBXGroup;
			children = (
				08C200A417477575000D5408 /* SevenMinute.app */,
				08C200CA17477576000D5408 /* sevenmin-appTests.octest */,
			);
			name = Products;
			sourceTree = "<group>";
		};
		08C200A617477575000D5408 /* Frameworks */ = {
			isa = PBXGroup;
			children = (
				08A89C1D176EF2B600A80266 /* AVFoundation.framework */,
				081F9AE2174C384E000A00A2 /* QuartzCore.framework */,
				08C200A717477575000D5408 /* UIKit.framework */,
				08C200A917477575000D5408 /* Foundation.framework */,
				08C200AB17477575000D5408 /* CoreGraphics.framework */,
				08C200CB17477576000D5408 /* SenTestingKit.framework */,
				F24D9D953C4C4EAEB2B682A6 /* libPods.a */,
			);
			name = Frameworks;
			sourceTree = "<group>";
		};
		08C200AD17477575000D5408 /* sevenmin-app */ = {
			isa = PBXGroup;
			children = (
				08C200E4174872EB000D5408 /* resources */,
				085FBEC517713741003C7A25 /* Utils */,
				08A89C3F17705C2000A80266 /* UI Files */,
				08C200AE17477575000D5408 /* Supporting Files */,
				08C200B617477575000D5408 /* AppDelegate.h */,
				08C200B717477575000D5408 /* AppDelegate.m */,
				08CA974917487E0D003A37EE /* MainViewController.h */,
				08CA974A17487E0D003A37EE /* MainViewController.m */,
				08CA975A1748A149003A37EE /* WorkoutSession.h */,
				08CA975B1748A149003A37EE /* WorkoutSession.m */,
				08CA97681748A8FE003A37EE /* PickerView.h */,
				08CA97691748A8FE003A37EE /* PickerView.m */,
				08DBD45F174B60EF000A297D /* PauseOverlayView.h */,
				08DBD460174B60EF000A297D /* PauseOverlayView.m */,
				08DBD462174B62B1000A297D /* TimerMgr.h */,
				08DBD463174B62B1000A297D /* TimerMgr.m */,
				08DBD46D174B6D82000A297D /* WorkoutView.h */,
				08DBD46E174B6D83000A297D /* WorkoutView.m */,
				08DBD476174B9780000A297D /* StartOverlayView.h */,
				08DBD477174B9780000A297D /* StartOverlayView.m */,
				08A89C3C17705B8300A80266 /* SideMenuViewController.h */,
				08A89C3D17705B8500A80266 /* SideMenuViewController.m */,
				085FBEA117706AB0003C7A25 /* SettingsViewController.h */,
				085FBEA217706AB0003C7A25 /* SettingsViewController.m */,
				085FBEAB17709749003C7A25 /* SevenMinNavigationController.h */,
				085FBEAC17709749003C7A25 /* SevenMinNavigationController.m */,
				085FBEBC177133DF003C7A25 /* SwitchCell.h */,
				085FBEBD177133DF003C7A25 /* SwitchCell.m */,
				085FBEBF177133F0003C7A25 /* ButtonCell.h */,
				085FBEC0177133F0003C7A25 /* ButtonCell.m */,
				085FBECA17718F1A003C7A25 /* UIViewController+MenuContainer.h */,
				085FBECB17718F1B003C7A25 /* UIViewController+MenuContainer.m */,
			);
			path = "sevenmin-app";
			sourceTree = "<group>";
		};
		08C200AE17477575000D5408 /* Supporting Files */ = {
			isa = PBXGroup;
			children = (
				08C200AF17477575000D5408 /* sevenmin-app-Info.plist */,
				08C200B017477575000D5408 /* InfoPlist.strings */,
				08C200B317477575000D5408 /* main.m */,
				08C200B517477575000D5408 /* sevenmin-app-Prefix.pch */,
				08C200B917477575000D5408 /* Default.png */,
				08C200BB17477575000D5408 /* Default@2x.png */,
				08C200BD17477576000D5408 /* Default-568h@2x.png */,
			);
			name = "Supporting Files";
			sourceTree = "<group>";
		};
		08C200D117477576000D5408 /* sevenmin-appTests */ = {
			isa = PBXGroup;
			children = (
				08C200D717477576000D5408 /* sevenmin_appTests.h */,
				08C200D817477576000D5408 /* sevenmin_appTests.m */,
				08C200D217477576000D5408 /* Supporting Files */,
			);
			path = "sevenmin-appTests";
			sourceTree = "<group>";
		};
		08C200D217477576000D5408 /* Supporting Files */ = {
			isa = PBXGroup;
			children = (
				08C200D317477576000D5408 /* sevenmin-appTests-Info.plist */,
				08C200D417477576000D5408 /* InfoPlist.strings */,
			);
			name = "Supporting Files";
			sourceTree = "<group>";
		};
		08C200E4174872EB000D5408 /* resources */ = {
			isa = PBXGroup;
			children = (
				085FBEC617713C77003C7A25 /* clock_tick.m4a */,
				085FBEA417707373003C7A25 /* whistle.m4a */,
				085FBEC817718A21003C7A25 /* records_icon_sel@2x.png */,
				085FBEE0177315A7003C7A25 /* records_icon_sel.png */,
				085FBEB617712DFB003C7A25 /* about_icon_sel@2x.png */,
				085FBEE6177315DF003C7A25 /* about_icon_sel.png */,
				085FBEB41770A0AA003C7A25 /* settings_icon_sel@2x.png */,
				085FBEDD177315A7003C7A25 /* settings_icon_sel.png */,
				085FBEB217709EF9003C7A25 /* workout_icon_sel@2x.png */,
				085FBEEA17731613003C7A25 /* workout_icon_sel.png */,
				085FBEE917731613003C7A25 /* workout_icon.png */,
				085FBEB01770999A003C7A25 /* workout_icon@2x.png */,
				085FBE9F177063C4003C7A25 /* navbar@2x.png */,
				08A89C381770510F00A80266 /* about_icon@2x.png */,
				085FBEE5177315DF003C7A25 /* about_icon.png */,
				08A89C341770507100A80266 /* records_icon@2x.png */,
				085FBEDF177315A7003C7A25 /* records_icon.png */,
				08A89C3017704FC700A80266 /* settings_icon@2x.png */,
				085FBEBA1771303E003C7A25 /* settings_btn@2x.png */,
				085FBEDE177315A7003C7A25 /* settings_btn.png */,
				08DBD48B174B9EB9000A297D /* start_button.png */,
				08DBD48C174B9EB9000A297D /* start_button@2x.png */,
				08DBD48D174B9EB9000A297D /* stop_button.png */,
				08DBD48E174B9EB9000A297D /* stop_button@2x.png */,
				08CA975117488721003A37EE /* list_icon.png */,
				08C200F117487689000D5408 /* clock@2x.png */,
				08C200EB1748730F000D5408 /* clock.png */,
				08C200E5174872F4000D5408 /* ex1.png */,
				08B35CC017A8E59B00F293CE /* ex1@2x.png */,
				08C200E6174872F4000D5408 /* ex2.png */,
				08B35CB017A8E4A000F293CE /* ex2@2x.png */,
				08C200E7174872F4000D5408 /* ex3.png */,
				08B35CB117A8E4A000F293CE /* ex3@2x.png */,
				08DBD481174B9E8A000A297D /* ex4.png */,
				08B35CAF17A8E4A000F293CE /* ex4@2x.png */,
				08DBD480174B9E89000A297D /* ex5.png */,
				08B35CAE17A8E4A000F293CE /* ex5@2x.png */,
				08DBD47F174B9E89000A297D /* ex6.png */,
				08B35CAD17A8E4A000F293CE /* ex6@2x.png */,
				08DBD47E174B9E89000A297D /* ex7.png */,
				08B35CAC17A8E4A000F293CE /* ex7@2x.png */,
				08DBD47D174B9E89000A297D /* ex8.png */,
				08B35CAB17A8E4A000F293CE /* ex8@2x.png */,
				08DBD47C174B9E89000A297D /* ex9.png */,
				08B35CA817A8E4A000F293CE /* ex9@2x.png */,
				08DBD47B174B9E89000A297D /* ex10.png */,
				08B35CA617A8E4A000F293CE /* ex10@2x.png */,
				08DBD47A174B9E88000A297D /* ex11.png */,
				08B35CA517A8E4A000F293CE /* ex11@2x.png */,
				08DBD479174B9E88000A297D /* ex12.png */,
				08B35CA417A8E4A000F293CE /* ex12@2x.png */,
				08B35CA917A8E4A000F293CE /* icon.png */,
				08B35CAA17A8E4A000F293CE /* icon@2x.png */,
			);
			name = resources;
			sourceTree = "<group>";
		};
/* End PBXGroup section */

/* Begin PBXNativeTarget section */
		08C200A317477575000D5408 /* sevenmin-app */ = {
			isa = PBXNativeTarget;
			buildConfigurationList = 08C200DC17477576000D5408 /* Build configuration list for PBXNativeTarget "sevenmin-app" */;
			buildPhases = (
				4E1C6F641B054C4887D71BA7 /* Check Pods Manifest.lock */,
				08C200A017477575000D5408 /* Sources */,
				08C200A117477575000D5408 /* Frameworks */,
				08C200A217477575000D5408 /* Resources */,
				2383E2210F6B4971956A4D02 /* Copy Pods Resources */,
			);
			buildRules = (
			);
			dependencies = (
			);
			name = "sevenmin-app";
			productName = "sevenmin-app";
			productReference = 08C200A417477575000D5408 /* SevenMinute.app */;
			productType = "com.apple.product-type.application";
		};
		08C200C917477576000D5408 /* sevenmin-appTests */ = {
			isa = PBXNativeTarget;
			buildConfigurationList = 08C200DF17477576000D5408 /* Build configuration list for PBXNativeTarget "sevenmin-appTests" */;
			buildPhases = (
				08C200C517477576000D5408 /* Sources */,
				08C200C617477576000D5408 /* Frameworks */,
				08C200C717477576000D5408 /* Resources */,
				08C200C817477576000D5408 /* ShellScript */,
			);
			buildRules = (
			);
			dependencies = (
				08C200D017477576000D5408 /* PBXTargetDependency */,
			);
			name = "sevenmin-appTests";
			productName = "sevenmin-appTests";
			productReference = 08C200CA17477576000D5408 /* sevenmin-appTests.octest */;
			productType = "com.apple.product-type.bundle";
		};
/* End PBXNativeTarget section */

/* Begin PBXProject section */
		08C2009C17477575000D5408 /* Project object */ = {
			isa = PBXProject;
			attributes = {
				LastUpgradeCheck = 0460;
				ORGANIZATIONNAME = as;
			};
			buildConfigurationList = 08C2009F17477575000D5408 /* Build configuration list for PBXProject "sevenmin-app" */;
			compatibilityVersion = "Xcode 3.2";
			developmentRegion = English;
			hasScannedForEncodings = 0;
			knownRegions = (
				en,
			);
			mainGroup = 08C2009B17477575000D5408;
			productRefGroup = 08C200A517477575000D5408 /* Products */;
			projectDirPath = "";
			projectRoot = "";
			targets = (
				08C200A317477575000D5408 /* sevenmin-app */,
				08C200C917477576000D5408 /* sevenmin-appTests */,
			);
		};
/* End PBXProject section */

/* Begin PBXResourcesBuildPhase section */
		08C200A217477575000D5408 /* Resources */ = {
			isa = PBXResourcesBuildPhase;
			buildActionMask = 2147483647;
			files = (
				08C200B217477575000D5408 /* InfoPlist.strings in Resources */,
				08C200BA17477575000D5408 /* Default.png in Resources */,
				08C200BC17477575000D5408 /* Default@2x.png in Resources */,
				08C200BE17477576000D5408 /* Default-568h@2x.png in Resources */,
				08C200E8174872F4000D5408 /* ex1.png in Resources */,
				08C200E9174872F4000D5408 /* ex2.png in Resources */,
				08C200EA174872F4000D5408 /* ex3.png in Resources */,
				08C200EC1748730F000D5408 /* clock.png in Resources */,
				08C200F217487689000D5408 /* clock@2x.png in Resources */,
				08CA975217488721003A37EE /* list_icon.png in Resources */,
				08CA97671748A88B003A37EE /* PickerView.xib in Resources */,
				08DBD46C174B6D4C000A297D /* WorkoutView.xib in Resources */,
				08DBD475174B95D6000A297D /* OverlayView.xib in Resources */,
				08DBD482174B9E8A000A297D /* ex12.png in Resources */,
				08DBD483174B9E8A000A297D /* ex11.png in Resources */,
				08DBD484174B9E8A000A297D /* ex10.png in Resources */,
				08DBD485174B9E8A000A297D /* ex9.png in Resources */,
				08DBD486174B9E8A000A297D /* ex8.png in Resources */,
				08DBD487174B9E8A000A297D /* ex7.png in Resources */,
				08DBD488174B9E8A000A297D /* ex6.png in Resources */,
				08DBD489174B9E8A000A297D /* ex5.png in Resources */,
				08DBD48A174B9E8A000A297D /* ex4.png in Resources */,
				08DBD48F174B9EB9000A297D /* start_button.png in Resources */,
				08DBD490174B9EB9000A297D /* start_button@2x.png in Resources */,
				08DBD491174B9EB9000A297D /* stop_button.png in Resources */,
				08DBD492174B9EB9000A297D /* stop_button@2x.png in Resources */,
				08A89C3117704FC700A80266 /* settings_icon@2x.png in Resources */,
				08A89C351770507100A80266 /* records_icon@2x.png in Resources */,
				08A89C391770510F00A80266 /* about_icon@2x.png in Resources */,
				08A89C3B17705A5500A80266 /* MainStoryboard.storyboard in Resources */,
				085FBEA0177063C4003C7A25 /* navbar@2x.png in Resources */,
				085FBEA517707373003C7A25 /* whistle.m4a in Resources */,
				085FBEB11770999A003C7A25 /* workout_icon@2x.png in Resources */,
				085FBEB317709EF9003C7A25 /* workout_icon_sel@2x.png in Resources */,
				085FBEB51770A0AA003C7A25 /* settings_icon_sel@2x.png in Resources */,
				085FBEB717712DFB003C7A25 /* about_icon_sel@2x.png in Resources */,
				085FBEBB1771303F003C7A25 /* settings_btn@2x.png in Resources */,
				085FBEC717713C77003C7A25 /* clock_tick.m4a in Resources */,
				085FBEC917718A21003C7A25 /* records_icon_sel@2x.png in Resources */,
				085FBEE1177315A7003C7A25 /* settings_icon_sel.png in Resources */,
				085FBEE2177315A7003C7A25 /* settings_btn.png in Resources */,
				085FBEE3177315A7003C7A25 /* records_icon.png in Resources */,
				085FBEE4177315A7003C7A25 /* records_icon_sel.png in Resources */,
				085FBEE7177315DF003C7A25 /* about_icon.png in Resources */,
				085FBEE8177315DF003C7A25 /* about_icon_sel.png in Resources */,
				085FBEEB17731613003C7A25 /* workout_icon.png in Resources */,
				085FBEEC17731613003C7A25 /* workout_icon_sel.png in Resources */,
				08D8364917A41D110068244A /* icon.png in Resources */,
				08D8364B17A41D170068244A /* icon@2x.png in Resources */,
				08B35CB217A8E4A000F293CE /* ex12@2x.png in Resources */,
				08B35CB317A8E4A000F293CE /* ex11@2x.png in Resources */,
				08B35CB417A8E4A000F293CE /* ex10@2x.png in Resources */,
				08B35CB617A8E4A000F293CE /* ex9@2x.png in Resources */,
				08B35CB717A8E4A000F293CE /* icon.png in Resources */,
				08B35CB817A8E4A000F293CE /* icon@2x.png in Resources */,
				08B35CB917A8E4A000F293CE /* ex8@2x.png in Resources */,
				08B35CBA17A8E4A000F293CE /* ex7@2x.png in Resources */,
				08B35CBB17A8E4A000F293CE /* ex6@2x.png in Resources */,
				08B35CBC17A8E4A000F293CE /* ex5@2x.png in Resources */,
				08B35CBD17A8E4A000F293CE /* ex4@2x.png in Resources */,
				08B35CBE17A8E4A000F293CE /* ex2@2x.png in Resources */,
				08B35CBF17A8E4A000F293CE /* ex3@2x.png in Resources */,
				08B35CC117A8E59B00F293CE /* ex1@2x.png in Resources */,
			);
			runOnlyForDeploymentPostprocessing = 0;
		};
		08C200C717477576000D5408 /* Resources */ = {
			isa = PBXResourcesBuildPhase;
			buildActionMask = 2147483647;
			files = (
				08C200D617477576000D5408 /* InfoPlist.strings in Resources */,
			);
			runOnlyForDeploymentPostprocessing = 0;
		};
/* End PBXResourcesBuildPhase section */

/* Begin PBXShellScriptBuildPhase section */
		08C200C817477576000D5408 /* ShellScript */ = {
			isa = PBXShellScriptBuildPhase;
			buildActionMask = 2147483647;
			files = (
			);
			inputPaths = (
			);
			outputPaths = (
			);
			runOnlyForDeploymentPostprocessing = 0;
			shellPath = /bin/sh;
			shellScript = "# Run the unit tests in this test bundle.\n\"${SYSTEM_DEVELOPER_DIR}/Tools/RunUnitTests\"\n";
		};
		2383E2210F6B4971956A4D02 /* Copy Pods Resources */ = {
			isa = PBXShellScriptBuildPhase;
			buildActionMask = 2147483647;
			files = (
			);
			inputPaths = (
			);
			name = "Copy Pods Resources";
			outputPaths = (
			);
			runOnlyForDeploymentPostprocessing = 0;
			shellPath = /bin/sh;
			shellScript = "\"${SRCROOT}/Pods/Pods-resources.sh\"\n";
		};
		4E1C6F641B054C4887D71BA7 /* Check Pods Manifest.lock */ = {
			isa = PBXShellScriptBuildPhase;
			buildActionMask = 2147483647;
			files = (
			);
			inputPaths = (
			);
			name = "Check Pods Manifest.lock";
			outputPaths = (
			);
			runOnlyForDeploymentPostprocessing = 0;
			shellPath = /bin/sh;
			shellScript = "diff \"${PODS_ROOT}/../Podfile.lock\" \"${PODS_ROOT}/Manifest.lock\" > /dev/null\nif [[ $? != 0 ]] ; then\n    cat << EOM\nerror: The sandbox is not in sync with the Podfile.lock. Run 'pod install' or update your CocoaPods installation.\nEOM\n    exit 1\nfi\n";
		};
/* End PBXShellScriptBuildPhase section */

/* Begin PBXSourcesBuildPhase section */
		08C200A017477575000D5408 /* Sources */ = {
			isa = PBXSourcesBuildPhase;
			buildActionMask = 2147483647;
			files = (
				08CA974E17487FD5003A37EE /* MainViewController.m in Sources */,
				08C200B417477575000D5408 /* main.m in Sources */,
				08C200B817477575000D5408 /* AppDelegate.m in Sources */,
				08CA975C1748A149003A37EE /* WorkoutSession.m in Sources */,
				08CA976A1748A8FE003A37EE /* PickerView.m in Sources */,
				08046B59174994C600F3324D /* UIView+Position.m in Sources */,
				08DBD461174B60EF000A297D /* PauseOverlayView.m in Sources */,
				08DBD464174B62B2000A297D /* TimerMgr.m in Sources */,
				08DBD46F174B6D83000A297D /* WorkoutView.m in Sources */,
				08DBD478174B9781000A297D /* StartOverlayView.m in Sources */,
				081F9AE6174C3F11000A00A2 /* UIViewUtil.m in Sources */,
				08A89C1A176EF1F000A80266 /* SoundMgr.m in Sources */,
				08A89C3E17705B8700A80266 /* SideMenuViewController.m in Sources */,
				085FBEA317706AB0003C7A25 /* SettingsViewController.m in Sources */,
				085FBEAD17709749003C7A25 /* SevenMinNavigationController.m in Sources */,
				085FBEBE177133E0003C7A25 /* SwitchCell.m in Sources */,
				085FBEC1177133F1003C7A25 /* ButtonCell.m in Sources */,
				085FBEC417713738003C7A25 /* SettingsUtil.m in Sources */,
				085FBECC17718F1B003C7A25 /* UIViewController+MenuContainer.m in Sources */,
			);
			runOnlyForDeploymentPostprocessing = 0;
		};
		08C200C517477576000D5408 /* Sources */ = {
			isa = PBXSourcesBuildPhase;
			buildActionMask = 2147483647;
			files = (
				08C200D917477576000D5408 /* sevenmin_appTests.m in Sources */,
			);
			runOnlyForDeploymentPostprocessing = 0;
		};
/* End PBXSourcesBuildPhase section */

/* Begin PBXTargetDependency section */
		08C200D017477576000D5408 /* PBXTargetDependency */ = {
			isa = PBXTargetDependency;
			target = 08C200A317477575000D5408 /* sevenmin-app */;
			targetProxy = 08C200CF17477576000D5408 /* PBXContainerItemProxy */;
		};
/* End PBXTargetDependency section */

/* Begin PBXVariantGroup section */
		08C200B017477575000D5408 /* InfoPlist.strings */ = {
			isa = PBXVariantGroup;
			children = (
				08C200B117477575000D5408 /* en */,
			);
			name = InfoPlist.strings;
			sourceTree = "<group>";
		};
		08C200D417477576000D5408 /* InfoPlist.strings */ = {
			isa = PBXVariantGroup;
			children = (
				08C200D517477576000D5408 /* en */,
			);
			name = InfoPlist.strings;
			sourceTree = "<group>";
		};
/* End PBXVariantGroup section */

/* Begin XCBuildConfiguration section */
		085FBEDA1772B818003C7A25 /* Ad-Hoc */ = {
			isa = XCBuildConfiguration;
			buildSettings = {
				ALWAYS_SEARCH_USER_PATHS = NO;
				CLANG_CXX_LANGUAGE_STANDARD = "gnu++0x";
				CLANG_CXX_LIBRARY = "libc++";
				CLANG_ENABLE_OBJC_ARC = YES;
				CLANG_WARN_CONSTANT_CONVERSION = YES;
				CLANG_WARN_EMPTY_BODY = YES;
				CLANG_WARN_ENUM_CONVERSION = YES;
				CLANG_WARN_INT_CONVERSION = YES;
				CLANG_WARN__DUPLICATE_METHOD_MATCH = YES;
				CODE_SIGN_IDENTITY = "iPhone Distribution";
				"CODE_SIGN_IDENTITY[sdk=iphoneos*]" = "iPhone Distribution";
				COPY_PHASE_STRIP = YES;
				GCC_C_LANGUAGE_STANDARD = gnu99;
				GCC_WARN_ABOUT_RETURN_TYPE = YES;
				GCC_WARN_UNINITIALIZED_AUTOS = YES;
				GCC_WARN_UNUSED_VARIABLE = YES;
				IPHONEOS_DEPLOYMENT_TARGET = 5.0;
				OTHER_CFLAGS = "-DNS_BLOCK_ASSERTIONS=1";
				PROVISIONING_PROFILE = "";
				"PROVISIONING_PROFILE[sdk=iphoneos*]" = "";
				SDKROOT = iphoneos;
				VALIDATE_PRODUCT = YES;
			};
			name = "Ad-Hoc";
		};
		085FBEDB1772B818003C7A25 /* Ad-Hoc */ = {
			isa = XCBuildConfiguration;
			baseConfigurationReference = 883DD7538D6D4CF6BEE7553A /* Pods.xcconfig */;
			buildSettings = {
				CODE_SIGN_IDENTITY = "iPhone Distribution";
				"CODE_SIGN_IDENTITY[sdk=iphoneos*]" = "iPhone Distribution";
				GCC_PRECOMPILE_PREFIX_HEADER = YES;
				GCC_PREFIX_HEADER = "sevenmin-app/sevenmin-app-Prefix.pch";
				INFOPLIST_FILE = "sevenmin-app/sevenmin-app-Info.plist";
				PRODUCT_NAME = SevenMinute;
				PROVISIONING_PROFILE = "";
				"PROVISIONING_PROFILE[sdk=iphoneos*]" = "";
				WRAPPER_EXTENSION = app;
			};
			name = "Ad-Hoc";
		};
		085FBEDC1772B818003C7A25 /* Ad-Hoc */ = {
			isa = XCBuildConfiguration;
			buildSettings = {
				BUNDLE_LOADER = "$(BUILT_PRODUCTS_DIR)/sevenmin-app.app/sevenmin-app";
				FRAMEWORK_SEARCH_PATHS = (
					"\"$(SDKROOT)/Developer/Library/Frameworks\"",
					"\"$(DEVELOPER_LIBRARY_DIR)/Frameworks\"",
				);
				GCC_PRECOMPILE_PREFIX_HEADER = YES;
				GCC_PREFIX_HEADER = "sevenmin-app/sevenmin-app-Prefix.pch";
				INFOPLIST_FILE = "sevenmin-appTests/sevenmin-appTests-Info.plist";
				PRODUCT_NAME = "$(TARGET_NAME)";
				TEST_HOST = "$(BUNDLE_LOADER)";
				WRAPPER_EXTENSION = octest;
			};
			name = "Ad-Hoc";
		};
		08C200DA17477576000D5408 /* Debug */ = {
			isa = XCBuildConfiguration;
			buildSettings = {
				ALWAYS_SEARCH_USER_PATHS = NO;
				CLANG_CXX_LANGUAGE_STANDARD = "gnu++0x";
				CLANG_CXX_LIBRARY = "libc++";
				CLANG_ENABLE_OBJC_ARC = YES;
				CLANG_WARN_CONSTANT_CONVERSION = YES;
				CLANG_WARN_EMPTY_BODY = YES;
				CLANG_WARN_ENUM_CONVERSION = YES;
				CLANG_WARN_INT_CONVERSION = YES;
				CLANG_WARN__DUPLICATE_METHOD_MATCH = YES;
				CODE_SIGN_IDENTITY = "iPhone Developer: Maria Santoso (KSLN99ELL4)";
				"CODE_SIGN_IDENTITY[sdk=iphoneos*]" = "iPhone Developer: Maria Santoso (KSLN99ELL4)";
				COPY_PHASE_STRIP = NO;
				GCC_C_LANGUAGE_STANDARD = gnu99;
				GCC_DYNAMIC_NO_PIC = NO;
				GCC_OPTIMIZATION_LEVEL = 0;
				GCC_PREPROCESSOR_DEFINITIONS = (
					"DEBUG=1",
					"$(inherited)",
				);
				GCC_SYMBOLS_PRIVATE_EXTERN = NO;
				GCC_WARN_ABOUT_RETURN_TYPE = YES;
				GCC_WARN_UNINITIALIZED_AUTOS = YES;
				GCC_WARN_UNUSED_VARIABLE = YES;
				IPHONEOS_DEPLOYMENT_TARGET = 5.0;
				ONLY_ACTIVE_ARCH = YES;
				PROVISIONING_PROFILE = "A8FE5858-BD24-4BE2-B000-7D78E96BC692";
				"PROVISIONING_PROFILE[sdk=iphoneos*]" = "A8FE5858-BD24-4BE2-B000-7D78E96BC692";
				SDKROOT = iphoneos;
			};
			name = Debug;
		};
		08C200DB17477576000D5408 /* Release */ = {
			isa = XCBuildConfiguration;
			buildSettings = {
				ALWAYS_SEARCH_USER_PATHS = NO;
				CLANG_CXX_LANGUAGE_STANDARD = "gnu++0x";
				CLANG_CXX_LIBRARY = "libc++";
				CLANG_ENABLE_OBJC_ARC = YES;
				CLANG_WARN_CONSTANT_CONVERSION = YES;
				CLANG_WARN_EMPTY_BODY = YES;
				CLANG_WARN_ENUM_CONVERSION = YES;
				CLANG_WARN_INT_CONVERSION = YES;
				CLANG_WARN__DUPLICATE_METHOD_MATCH = YES;
				CODE_SIGN_IDENTITY = "iPhone Distribution";
				"CODE_SIGN_IDENTITY[sdk=iphoneos*]" = "iPhone Developer";
				COPY_PHASE_STRIP = YES;
				GCC_C_LANGUAGE_STANDARD = gnu99;
				GCC_WARN_ABOUT_RETURN_TYPE = YES;
				GCC_WARN_UNINITIALIZED_AUTOS = YES;
				GCC_WARN_UNUSED_VARIABLE = YES;
				IPHONEOS_DEPLOYMENT_TARGET = 5.0;
				OTHER_CFLAGS = "-DNS_BLOCK_ASSERTIONS=1";
				PROVISIONING_PROFILE = "";
				SDKROOT = iphoneos;
				VALIDATE_PRODUCT = YES;
			};
			name = Release;
		};
		08C200DD17477576000D5408 /* Debug */ = {
			isa = XCBuildConfiguration;
			baseConfigurationReference = 883DD7538D6D4CF6BEE7553A /* Pods.xcconfig */;
			buildSettings = {
				CODE_SIGN_IDENTITY = "iPhone Developer";
				"CODE_SIGN_IDENTITY[sdk=iphoneos*]" = "iPhone Developer";
				GCC_PRECOMPILE_PREFIX_HEADER = YES;
				GCC_PREFIX_HEADER = "sevenmin-app/sevenmin-app-Prefix.pch";
				INFOPLIST_FILE = "sevenmin-app/sevenmin-app-Info.plist";
				PRODUCT_NAME = SevenMinute;
				PROVISIONING_PROFILE = "";
				"PROVISIONING_PROFILE[sdk=iphoneos*]" = "";
				WRAPPER_EXTENSION = app;
			};
			name = Debug;
		};
		08C200DE17477576000D5408 /* Release */ = {
			isa = XCBuildConfiguration;
			baseConfigurationReference = 883DD7538D6D4CF6BEE7553A /* Pods.xcconfig */;
			buildSettings = {
				CODE_SIGN_IDENTITY = "iPhone Distribution: Maria Santoso (L35YSLXNYN)";
				"CODE_SIGN_IDENTITY[sdk=iphoneos*]" = "iPhone Distribution: Maria Santoso (L35YSLXNYN)";
				GCC_PRECOMPILE_PREFIX_HEADER = YES;
				GCC_PREFIX_HEADER = "sevenmin-app/sevenmin-app-Prefix.pch";
				INFOPLIST_FILE = "sevenmin-app/sevenmin-app-Info.plist";
				PRODUCT_NAME = SevenMinute;
				PROVISIONING_PROFILE = "9315FF98-D25B-4FE0-A9BA-9DC1F8D0B0C2";
				"PROVISIONING_PROFILE[sdk=iphoneos*]" = "9315FF98-D25B-4FE0-A9BA-9DC1F8D0B0C2";
				WRAPPER_EXTENSION = app;
			};
			name = Release;
		};
		08C200E017477576000D5408 /* Debug */ = {
			isa = XCBuildConfiguration;
			buildSettings = {
				BUNDLE_LOADER = "$(BUILT_PRODUCTS_DIR)/sevenmin-app.app/sevenmin-app";
				FRAMEWORK_SEARCH_PATHS = (
					"\"$(SDKROOT)/Developer/Library/Frameworks\"",
					"\"$(DEVELOPER_LIBRARY_DIR)/Frameworks\"",
				);
				GCC_PRECOMPILE_PREFIX_HEADER = YES;
				GCC_PREFIX_HEADER = "sevenmin-app/sevenmin-app-Prefix.pch";
				INFOPLIST_FILE = "sevenmin-appTests/sevenmin-appTests-Info.plist";
				PRODUCT_NAME = "$(TARGET_NAME)";
				TEST_HOST = "$(BUNDLE_LOADER)";
				WRAPPER_EXTENSION = octest;
			};
			name = Debug;
		};
		08C200E117477576000D5408 /* Release */ = {
			isa = XCBuildConfiguration;
			buildSettings = {
				BUNDLE_LOADER = "$(BUILT_PRODUCTS_DIR)/sevenmin-app.app/sevenmin-app";
				FRAMEWORK_SEARCH_PATHS = (
					"\"$(SDKROOT)/Developer/Library/Frameworks\"",
					"\"$(DEVELOPER_LIBRARY_DIR)/Frameworks\"",
				);
				GCC_PRECOMPILE_PREFIX_HEADER = YES;
				GCC_PREFIX_HEADER = "sevenmin-app/sevenmin-app-Prefix.pch";
				INFOPLIST_FILE = "sevenmin-appTests/sevenmin-appTests-Info.plist";
				PRODUCT_NAME = "$(TARGET_NAME)";
				TEST_HOST = "$(BUNDLE_LOADER)";
				WRAPPER_EXTENSION = octest;
			};
			name = Release;
		};
/* End XCBuildConfiguration section */

/* Begin XCConfigurationList section */
		08C2009F17477575000D5408 /* Build configuration list for PBXProject "sevenmin-app" */ = {
			isa = XCConfigurationList;
			buildConfigurations = (
				08C200DA17477576000D5408 /* Debug */,
				08C200DB17477576000D5408 /* Release */,
				085FBEDA1772B818003C7A25 /* Ad-Hoc */,
			);
			defaultConfigurationIsVisible = 0;
			defaultConfigurationName = Release;
		};
		08C200DC17477576000D5408 /* Build configuration list for PBXNativeTarget "sevenmin-app" */ = {
			isa = XCConfigurationList;
			buildConfigurations = (
				08C200DD17477576000D5408 /* Debug */,
				08C200DE17477576000D5408 /* Release */,
				085FBEDB1772B818003C7A25 /* Ad-Hoc */,
			);
			defaultConfigurationIsVisible = 0;
			defaultConfigurationName = Release;
		};
		08C200DF17477576000D5408 /* Build configuration list for PBXNativeTarget "sevenmin-appTests" */ = {
			isa = XCConfigurationList;
			buildConfigurations = (
				08C200E017477576000D5408 /* Debug */,
				08C200E117477576000D5408 /* Release */,
				085FBEDC1772B818003C7A25 /* Ad-Hoc */,
			);
			defaultConfigurationIsVisible = 0;
			defaultConfigurationName = Release;
		};
/* End XCConfigurationList section */
	};
	rootObject = 08C2009C17477575000D5408 /* Project object */;
}
